// !$*UTF8*$!
{
	archiveVersion = 1;
	classes = {
	};
	objectVersion = 46;
	objects = {

/* Begin PBXBuildFile section */
		4C0C766C1649F95100DD372F /* MlDatePickerViewController.m in Sources */ = {isa = PBXBuildFile; fileRef = 4C0C766B1649F95100DD372F /* MlDatePickerViewController.m */; };
		4C0C767C164AC84800DD372F /* shuffle_off.png in Resources */ = {isa = PBXBuildFile; fileRef = 4C0C767A164AC84800DD372F /* shuffle_off.png */; };
		4C0C767D164AC84800DD372F /* shuffle_on.png in Resources */ = {isa = PBXBuildFile; fileRef = 4C0C767B164AC84800DD372F /* shuffle_on.png */; };
		4C0C767F164ACEB800DD372F /* calendar.png in Resources */ = {isa = PBXBuildFile; fileRef = 4C0C767E164ACEB800DD372F /* calendar.png */; };
		4C0C7681164AD06E00DD372F /* junk.png in Resources */ = {isa = PBXBuildFile; fileRef = 4C0C7680164AD06E00DD372F /* junk.png */; };
		4C0C7683164AD3BC00DD372F /* chart.png in Resources */ = {isa = PBXBuildFile; fileRef = 4C0C7682164AD3BC00DD372F /* chart.png */; };
		4C1502F916D88AAA00B9E8BC /* GrayLineVertical.png in Resources */ = {isa = PBXBuildFile; fileRef = 4C1502F816D88AAA00B9E8BC /* GrayLineVertical.png */; };
		4C1FE6A516DCA153009FFA8A /* CalendarBlank@2x.png in Resources */ = {isa = PBXBuildFile; fileRef = 4C1FE6A416DCA153009FFA8A /* CalendarBlank@2x.png */; };
		4C1FE6A716DCA42A009FFA8A /* pie.jpg in Resources */ = {isa = PBXBuildFile; fileRef = 4C1FE6A616DCA42A009FFA8A /* pie.jpg */; };
		4C3E0FB71657122100B0E060 /* Prefs.m in Sources */ = {isa = PBXBuildFile; fileRef = 4C3E0FB61657122100B0E060 /* Prefs.m */; };
		4C4C53E01665F14900DDDBA2 /* MoodList.plist in Resources */ = {isa = PBXBuildFile; fileRef = 4C4C53DF1665F14900DDDBA2 /* MoodList.plist */; };
		4C4C53E71666ECA400DDDBA2 /* Afraid.png in Resources */ = {isa = PBXBuildFile; fileRef = 4C4C53E11666ECA400DDDBA2 /* Afraid.png */; };
		4C4C53E81666ECA400DDDBA2 /* Afraid@2x.png in Resources */ = {isa = PBXBuildFile; fileRef = 4C4C53E21666ECA400DDDBA2 /* Afraid@2x.png */; };
		4C4C53E91666ECA400DDDBA2 /* Angry.png in Resources */ = {isa = PBXBuildFile; fileRef = 4C4C53E31666ECA400DDDBA2 /* Angry.png */; };
		4C4C53EA1666ECA400DDDBA2 /* Angry@2x.png in Resources */ = {isa = PBXBuildFile; fileRef = 4C4C53E41666ECA400DDDBA2 /* Angry@2x.png */; };
		4C4C53EB1666ECA400DDDBA2 /* Glad.png in Resources */ = {isa = PBXBuildFile; fileRef = 4C4C53E51666ECA400DDDBA2 /* Glad.png */; };
		4C4C53EC1666ECA400DDDBA2 /* Glad@2x.png in Resources */ = {isa = PBXBuildFile; fileRef = 4C4C53E61666ECA400DDDBA2 /* Glad@2x.png */; };
		4C4C53EF16694A5400DDDBA2 /* Sad.png in Resources */ = {isa = PBXBuildFile; fileRef = 4C4C53ED16694A5400DDDBA2 /* Sad.png */; };
		4C4C53F016694A5400DDDBA2 /* Sad@2x.png in Resources */ = {isa = PBXBuildFile; fileRef = 4C4C53EE16694A5400DDDBA2 /* Sad@2x.png */; };
		4C4C53F31669ECDB00DDDBA2 /* Adored.png in Resources */ = {isa = PBXBuildFile; fileRef = 4C4C53F11669ECDB00DDDBA2 /* Adored.png */; };
		4C4C53F41669ECDB00DDDBA2 /* Adored@2x.png in Resources */ = {isa = PBXBuildFile; fileRef = 4C4C53F21669ECDB00DDDBA2 /* Adored@2x.png */; };
		4C4C53F71669EDEB00DDDBA2 /* Happy.png in Resources */ = {isa = PBXBuildFile; fileRef = 4C4C53F51669EDEB00DDDBA2 /* Happy.png */; };
		4C4C53F81669EDEB00DDDBA2 /* Happy@2x.png in Resources */ = {isa = PBXBuildFile; fileRef = 4C4C53F61669EDEB00DDDBA2 /* Happy@2x.png */; };
		4C4C53FB166A85D700DDDBA2 /* Amused.png in Resources */ = {isa = PBXBuildFile; fileRef = 4C4C53F9166A85D700DDDBA2 /* Amused.png */; };
		4C4C53FC166A85D700DDDBA2 /* Amused@2x.png in Resources */ = {isa = PBXBuildFile; fileRef = 4C4C53FA166A85D700DDDBA2 /* Amused@2x.png */; };
		4C4C53FF166A895F00DDDBA2 /* Annoyed.png in Resources */ = {isa = PBXBuildFile; fileRef = 4C4C53FD166A895F00DDDBA2 /* Annoyed.png */; };
		4C4C5400166A895F00DDDBA2 /* Annoyed@2x.png in Resources */ = {isa = PBXBuildFile; fileRef = 4C4C53FE166A895F00DDDBA2 /* Annoyed@2x.png */; };
		4C4C5403166A89BE00DDDBA2 /* Anxious.png in Resources */ = {isa = PBXBuildFile; fileRef = 4C4C5401166A89BD00DDDBA2 /* Anxious.png */; };
		4C4C5404166A89BE00DDDBA2 /* Anxious@2x.png in Resources */ = {isa = PBXBuildFile; fileRef = 4C4C5402166A89BD00DDDBA2 /* Anxious@2x.png */; };
		4C4C5407166A8A2800DDDBA2 /* Apologetic.png in Resources */ = {isa = PBXBuildFile; fileRef = 4C4C5405166A8A2800DDDBA2 /* Apologetic.png */; };
		4C4C5408166A8A2800DDDBA2 /* Apologetic@2x.png in Resources */ = {isa = PBXBuildFile; fileRef = 4C4C5406166A8A2800DDDBA2 /* Apologetic@2x.png */; };
		4C4C540B166A8AD400DDDBA2 /* Ashamed.png in Resources */ = {isa = PBXBuildFile; fileRef = 4C4C5409166A8AD400DDDBA2 /* Ashamed.png */; };
		4C4C540C166A8AD400DDDBA2 /* Ashamed@2x.png in Resources */ = {isa = PBXBuildFile; fileRef = 4C4C540A166A8AD400DDDBA2 /* Ashamed@2x.png */; };
		4C4C540F166A8B6E00DDDBA2 /* Blessed.png in Resources */ = {isa = PBXBuildFile; fileRef = 4C4C540D166A8B6D00DDDBA2 /* Blessed.png */; };
		4C4C5410166A8B6E00DDDBA2 /* Blessed@2x.png in Resources */ = {isa = PBXBuildFile; fileRef = 4C4C540E166A8B6E00DDDBA2 /* Blessed@2x.png */; };
		4C4C5413166A8BED00DDDBA2 /* Blissful.png in Resources */ = {isa = PBXBuildFile; fileRef = 4C4C5411166A8BEC00DDDBA2 /* Blissful.png */; };
		4C4C5414166A8BED00DDDBA2 /* Blissful@2x.png in Resources */ = {isa = PBXBuildFile; fileRef = 4C4C5412166A8BEC00DDDBA2 /* Blissful@2x.png */; };
		4C4C5417166A8F3800DDDBA2 /* Bored.png in Resources */ = {isa = PBXBuildFile; fileRef = 4C4C5415166A8F3700DDDBA2 /* Bored.png */; };
		4C4C5418166A8F3800DDDBA2 /* Bored@2x.png in Resources */ = {isa = PBXBuildFile; fileRef = 4C4C5416166A8F3800DDDBA2 /* Bored@2x.png */; };
		4C4C541B166A8FDD00DDDBA2 /* Broken.png in Resources */ = {isa = PBXBuildFile; fileRef = 4C4C5419166A8FDC00DDDBA2 /* Broken.png */; };
		4C4C541C166A8FDD00DDDBA2 /* Broken@2x.png in Resources */ = {isa = PBXBuildFile; fileRef = 4C4C541A166A8FDD00DDDBA2 /* Broken@2x.png */; };
		4C4C541F166A904500DDDBA2 /* Bothered.png in Resources */ = {isa = PBXBuildFile; fileRef = 4C4C541D166A904500DDDBA2 /* Bothered.png */; };
		4C4C5420166A904500DDDBA2 /* Bothered@2x.png in Resources */ = {isa = PBXBuildFile; fileRef = 4C4C541E166A904500DDDBA2 /* Bothered@2x.png */; };
		4C4C5423166A909900DDDBA2 /* Cautious.png in Resources */ = {isa = PBXBuildFile; fileRef = 4C4C5421166A909800DDDBA2 /* Cautious.png */; };
		4C4C5424166A909900DDDBA2 /* Cautious@2x.png in Resources */ = {isa = PBXBuildFile; fileRef = 4C4C5422166A909900DDDBA2 /* Cautious@2x.png */; };
		4C4C5427166A915F00DDDBA2 /* Confident.png in Resources */ = {isa = PBXBuildFile; fileRef = 4C4C5425166A915E00DDDBA2 /* Confident.png */; };
		4C4C5428166A915F00DDDBA2 /* Confident@2x.png in Resources */ = {isa = PBXBuildFile; fileRef = 4C4C5426166A915E00DDDBA2 /* Confident@2x.png */; };
		4C4C542B166A91A700DDDBA2 /* Content.png in Resources */ = {isa = PBXBuildFile; fileRef = 4C4C5429166A91A700DDDBA2 /* Content.png */; };
		4C4C542C166A91A700DDDBA2 /* Content@2x.png in Resources */ = {isa = PBXBuildFile; fileRef = 4C4C542A166A91A700DDDBA2 /* Content@2x.png */; };
		4C4C542F166A920F00DDDBA2 /* Curious.png in Resources */ = {isa = PBXBuildFile; fileRef = 4C4C542D166A920E00DDDBA2 /* Curious.png */; };
		4C4C5430166A920F00DDDBA2 /* Curious@2x.png in Resources */ = {isa = PBXBuildFile; fileRef = 4C4C542E166A920E00DDDBA2 /* Curious@2x.png */; };
		4C4C5433166A92E800DDDBA2 /* Embarrased.png in Resources */ = {isa = PBXBuildFile; fileRef = 4C4C5431166A92E700DDDBA2 /* Embarrased.png */; };
		4C4C5434166A92E800DDDBA2 /* Embarrased@2x.png in Resources */ = {isa = PBXBuildFile; fileRef = 4C4C5432166A92E800DDDBA2 /* Embarrased@2x.png */; };
		4C4C543B166A93C800DDDBA2 /* Worried.png in Resources */ = {isa = PBXBuildFile; fileRef = 4C4C5439166A93C700DDDBA2 /* Worried.png */; };
		4C4C543C166A93C800DDDBA2 /* Worried@2x.png in Resources */ = {isa = PBXBuildFile; fileRef = 4C4C543A166A93C700DDDBA2 /* Worried@2x.png */; };
		4C4C543F166D46FB00DDDBA2 /* Adoring.png in Resources */ = {isa = PBXBuildFile; fileRef = 4C4C543D166D46F900DDDBA2 /* Adoring.png */; };
		4C4C5440166D46FB00DDDBA2 /* Adoring@2x.png in Resources */ = {isa = PBXBuildFile; fileRef = 4C4C543E166D46FA00DDDBA2 /* Adoring@2x.png */; };
		4C50A08816DACA16003954E6 /* Emotions.m in Sources */ = {isa = PBXBuildFile; fileRef = 4C50A08716DACA16003954E6 /* Emotions.m */; };
		4C52861816D9A654007C878C /* MlChartDrawingView.m in Sources */ = {isa = PBXBuildFile; fileRef = 4C52861716D9A654007C878C /* MlChartDrawingView.m */; };
		4C55CBE7162DE67400EAA878 /* UIKit.framework in Frameworks */ = {isa = PBXBuildFile; fileRef = 4C55CBE6162DE67400EAA878 /* UIKit.framework */; };
		4C55CBE9162DE67400EAA878 /* Foundation.framework in Frameworks */ = {isa = PBXBuildFile; fileRef = 4C55CBE8162DE67400EAA878 /* Foundation.framework */; };
		4C55CBEB162DE67400EAA878 /* CoreGraphics.framework in Frameworks */ = {isa = PBXBuildFile; fileRef = 4C55CBEA162DE67400EAA878 /* CoreGraphics.framework */; };
		4C55CBED162DE67400EAA878 /* CoreData.framework in Frameworks */ = {isa = PBXBuildFile; fileRef = 4C55CBEC162DE67400EAA878 /* CoreData.framework */; };
		4C55CBF3162DE67400EAA878 /* InfoPlist.strings in Resources */ = {isa = PBXBuildFile; fileRef = 4C55CBF1162DE67400EAA878 /* InfoPlist.strings */; };
		4C55CBF5162DE67500EAA878 /* main.m in Sources */ = {isa = PBXBuildFile; fileRef = 4C55CBF4162DE67500EAA878 /* main.m */; };
		4C55CBF9162DE67500EAA878 /* MlAppDelegate.m in Sources */ = {isa = PBXBuildFile; fileRef = 4C55CBF8162DE67500EAA878 /* MlAppDelegate.m */; };
		4C55CBFB162DE67500EAA878 /* Default.png in Resources */ = {isa = PBXBuildFile; fileRef = 4C55CBFA162DE67500EAA878 /* Default.png */; };
		4C55CBFD162DE67500EAA878 /* Default@2x.png in Resources */ = {isa = PBXBuildFile; fileRef = 4C55CBFC162DE67500EAA878 /* Default@2x.png */; };
		4C55CBFF162DE67500EAA878 /* Default-568h@2x.png in Resources */ = {isa = PBXBuildFile; fileRef = 4C55CBFE162DE67500EAA878 /* Default-568h@2x.png */; };
		4C55CC02162DE67500EAA878 /* MainStoryboard_iPhone.storyboard in Resources */ = {isa = PBXBuildFile; fileRef = 4C55CC00162DE67500EAA878 /* MainStoryboard_iPhone.storyboard */; };
		4C55CC05162DE67500EAA878 /* MainStoryboard_iPad.storyboard in Resources */ = {isa = PBXBuildFile; fileRef = 4C55CC03162DE67500EAA878 /* MainStoryboard_iPad.storyboard */; };
		4C55CC08162DE67500EAA878 /* MoodLog.xcdatamodeld in Sources */ = {isa = PBXBuildFile; fileRef = 4C55CC06162DE67500EAA878 /* MoodLog.xcdatamodeld */; };
		4C55CC0B162DE67500EAA878 /* MlMasterViewController.m in Sources */ = {isa = PBXBuildFile; fileRef = 4C55CC0A162DE67500EAA878 /* MlMasterViewController.m */; };
		4C55CC0E162DE67500EAA878 /* MlDetailViewController.m in Sources */ = {isa = PBXBuildFile; fileRef = 4C55CC0D162DE67500EAA878 /* MlDetailViewController.m */; };
		4C55CC16162DE67500EAA878 /* SenTestingKit.framework in Frameworks */ = {isa = PBXBuildFile; fileRef = 4C55CC15162DE67500EAA878 /* SenTestingKit.framework */; };
		4C55CC17162DE67500EAA878 /* UIKit.framework in Frameworks */ = {isa = PBXBuildFile; fileRef = 4C55CBE6162DE67400EAA878 /* UIKit.framework */; };
		4C55CC18162DE67500EAA878 /* Foundation.framework in Frameworks */ = {isa = PBXBuildFile; fileRef = 4C55CBE8162DE67400EAA878 /* Foundation.framework */; };
		4C55CC19162DE67500EAA878 /* CoreData.framework in Frameworks */ = {isa = PBXBuildFile; fileRef = 4C55CBEC162DE67400EAA878 /* CoreData.framework */; };
		4C55CC21162DE67500EAA878 /* InfoPlist.strings in Resources */ = {isa = PBXBuildFile; fileRef = 4C55CC1F162DE67500EAA878 /* InfoPlist.strings */; };
		4C55CC24162DE67500EAA878 /* MoodLogTests.m in Sources */ = {isa = PBXBuildFile; fileRef = 4C55CC23162DE67500EAA878 /* MoodLogTests.m */; };
		4C55EC7B16DC4C9E00F26984 /* paper.jpg in Resources */ = {isa = PBXBuildFile; fileRef = 4C55EC7A16DC4C9E00F26984 /* paper.jpg */; };
		4C55EC8016DC5CA900F26984 /* paper320x60.jpg in Resources */ = {isa = PBXBuildFile; fileRef = 4C55EC7E16DC5CA900F26984 /* paper320x60.jpg */; };
		4C55EC8116DC5CA900F26984 /* paper320x60@2x.jpg in Resources */ = {isa = PBXBuildFile; fileRef = 4C55EC7F16DC5CA900F26984 /* paper320x60@2x.jpg */; };
		4C55EC8316DC604B00F26984 /* paper@2x.jpg in Resources */ = {isa = PBXBuildFile; fileRef = 4C55EC8216DC604B00F26984 /* paper@2x.jpg */; };
		4C589C67163200F100428C52 /* Stressors.m in Sources */ = {isa = PBXBuildFile; fileRef = 4C589C66163200F100428C52 /* Stressors.m */; };
		4C5D051216C1F1BD0028C421 /* MlFacesViewController.m in Sources */ = {isa = PBXBuildFile; fileRef = 4C5D051116C1F1BC0028C421 /* MlFacesViewController.m */; };
		4C643D8E16B1195200CA4F32 /* Affectionate.png in Resources */ = {isa = PBXBuildFile; fileRef = 4C7A484316B115D50081CEF5 /* Affectionate.png */; };
		4C643D8F16B1195200CA4F32 /* Affectionate@2x.png in Resources */ = {isa = PBXBuildFile; fileRef = 4C7A484416B115D50081CEF5 /* Affectionate@2x.png */; };
		4C643D9016B1195200CA4F32 /* Aggravated.png in Resources */ = {isa = PBXBuildFile; fileRef = 4C7A484516B115D50081CEF5 /* Aggravated.png */; };
		4C643D9116B1195200CA4F32 /* Aggravated@2x.png in Resources */ = {isa = PBXBuildFile; fileRef = 4C7A484616B115D50081CEF5 /* Aggravated@2x.png */; };
		4C643D9216B1195200CA4F32 /* Alarmed@2x.png in Resources */ = {isa = PBXBuildFile; fileRef = 4C7A484816B115D50081CEF5 /* Alarmed@2x.png */; };
		4C643D9316B1195200CA4F32 /* Alienated.png in Resources */ = {isa = PBXBuildFile; fileRef = 4C7A484916B115D50081CEF5 /* Alienated.png */; };
		4C643D9416B1195200CA4F32 /* Alienated@2x.png in Resources */ = {isa = PBXBuildFile; fileRef = 4C7A484A16B115D50081CEF5 /* Alienated@2x.png */; };
		4C643D9516B1195200CA4F32 /* Amazed.png in Resources */ = {isa = PBXBuildFile; fileRef = 4C7A484B16B115D50081CEF5 /* Amazed.png */; };
		4C643D9616B1195200CA4F32 /* Amazed@2x.png in Resources */ = {isa = PBXBuildFile; fileRef = 4C7A484C16B115D50081CEF5 /* Amazed@2x.png */; };
		4C643D9716B1195200CA4F32 /* Ambivalent.png in Resources */ = {isa = PBXBuildFile; fileRef = 4C7A484D16B115D50081CEF5 /* Ambivalent.png */; };
		4C643D9816B1195200CA4F32 /* Ambivalent@2x.png in Resources */ = {isa = PBXBuildFile; fileRef = 4C7A484E16B115D50081CEF5 /* Ambivalent@2x.png */; };
		4C643D9B16B11C2100CA4F32 /* IconPlaceholder@2x.png in Resources */ = {isa = PBXBuildFile; fileRef = 4C643D9A16B11C2100CA4F32 /* IconPlaceholder@2x.png */; };
		4C643D9D16B11C2900CA4F32 /* IconPlaceholder.png in Resources */ = {isa = PBXBuildFile; fileRef = 4C643D9C16B11C2900CA4F32 /* IconPlaceholder.png */; };
		4C7A485116B115D50081CEF5 /* Affectionate.png in Resources */ = {isa = PBXBuildFile; fileRef = 4C7A484316B115D50081CEF5 /* Affectionate.png */; };
		4C7A485216B115D50081CEF5 /* Affectionate@2x.png in Resources */ = {isa = PBXBuildFile; fileRef = 4C7A484416B115D50081CEF5 /* Affectionate@2x.png */; };
		4C7A485316B115D50081CEF5 /* Aggravated.png in Resources */ = {isa = PBXBuildFile; fileRef = 4C7A484516B115D50081CEF5 /* Aggravated.png */; };
		4C7A485416B115D50081CEF5 /* Aggravated@2x.png in Resources */ = {isa = PBXBuildFile; fileRef = 4C7A484616B115D50081CEF5 /* Aggravated@2x.png */; };
		4C7A485616B115D50081CEF5 /* Alarmed@2x.png in Resources */ = {isa = PBXBuildFile; fileRef = 4C7A484816B115D50081CEF5 /* Alarmed@2x.png */; };
		4C7A485716B115D50081CEF5 /* Alienated.png in Resources */ = {isa = PBXBuildFile; fileRef = 4C7A484916B115D50081CEF5 /* Alienated.png */; };
		4C7A485816B115D50081CEF5 /* Alienated@2x.png in Resources */ = {isa = PBXBuildFile; fileRef = 4C7A484A16B115D50081CEF5 /* Alienated@2x.png */; };
		4C7A485916B115D50081CEF5 /* Amazed.png in Resources */ = {isa = PBXBuildFile; fileRef = 4C7A484B16B115D50081CEF5 /* Amazed.png */; };
		4C7A485A16B115D50081CEF5 /* Amazed@2x.png in Resources */ = {isa = PBXBuildFile; fileRef = 4C7A484C16B115D50081CEF5 /* Amazed@2x.png */; };
		4C7A485B16B115D50081CEF5 /* Ambivalent.png in Resources */ = {isa = PBXBuildFile; fileRef = 4C7A484D16B115D50081CEF5 /* Ambivalent.png */; };
		4C7A485C16B115D50081CEF5 /* Ambivalent@2x.png in Resources */ = {isa = PBXBuildFile; fileRef = 4C7A484E16B115D50081CEF5 /* Ambivalent@2x.png */; };
		4C7A486116B116180081CEF5 /* Alarmed.png in Resources */ = {isa = PBXBuildFile; fileRef = 4C7A486016B116180081CEF5 /* Alarmed.png */; };
		4C7C788F162E8F2C008DC828 /* CalendarBlank.png in Resources */ = {isa = PBXBuildFile; fileRef = 4C7C788E162E8F2C008DC828 /* CalendarBlank.png */; };
		4C7C789E162E9192008DC828 /* MlCell.m in Sources */ = {isa = PBXBuildFile; fileRef = 4C7C789D162E9192008DC828 /* MlCell.m */; };
		4C7CA28E1630770800CC5CCA /* MlMoodDataItem.m in Sources */ = {isa = PBXBuildFile; fileRef = 4C7CA28D1630770800CC5CCA /* MlMoodDataItem.m */; };
		4C85B41A16D72B3700D1625A /* MlChartCollectionViewController.m in Sources */ = {isa = PBXBuildFile; fileRef = 4C85B41916D72B3700D1625A /* MlChartCollectionViewController.m */; };
		4C8F362A16BA0D7900AD101A /* Compassionate.png in Resources */ = {isa = PBXBuildFile; fileRef = 4C8F361616BA0D7900AD101A /* Compassionate.png */; };
		4C8F362B16BA0D7900AD101A /* Compassionate@2x.png in Resources */ = {isa = PBXBuildFile; fileRef = 4C8F361716BA0D7900AD101A /* Compassionate@2x.png */; };
		4C8F362C16BA0D7900AD101A /* Cheerful.png in Resources */ = {isa = PBXBuildFile; fileRef = 4C8F361816BA0D7900AD101A /* Cheerful.png */; };
		4C8F362D16BA0D7900AD101A /* Cheerful@2x.png in Resources */ = {isa = PBXBuildFile; fileRef = 4C8F361916BA0D7900AD101A /* Cheerful@2x.png */; };
		4C8F362E16BA0D7900AD101A /* Caring.png in Resources */ = {isa = PBXBuildFile; fileRef = 4C8F361A16BA0D7900AD101A /* Caring.png */; };
		4C8F362F16BA0D7900AD101A /* Caring@2x.png in Resources */ = {isa = PBXBuildFile; fileRef = 4C8F361B16BA0D7900AD101A /* Caring@2x.png */; };
		4C8F363016BA0D7900AD101A /* Awed.png in Resources */ = {isa = PBXBuildFile; fileRef = 4C8F361C16BA0D7900AD101A /* Awed.png */; };
		4C8F363116BA0D7900AD101A /* Awed@2x.png in Resources */ = {isa = PBXBuildFile; fileRef = 4C8F361D16BA0D7900AD101A /* Awed@2x.png */; };
		4C8F363216BA0D7900AD101A /* Attractive.png in Resources */ = {isa = PBXBuildFile; fileRef = 4C8F361E16BA0D7900AD101A /* Attractive.png */; };
		4C8F363316BA0D7900AD101A /* Attractive@2x.png in Resources */ = {isa = PBXBuildFile; fileRef = 4C8F361F16BA0D7900AD101A /* Attractive@2x.png */; };
		4C8F363416BA0D7900AD101A /* Astonished.png in Resources */ = {isa = PBXBuildFile; fileRef = 4C8F362016BA0D7900AD101A /* Astonished.png */; };
		4C8F363516BA0D7900AD101A /* Astonished@2x.png in Resources */ = {isa = PBXBuildFile; fileRef = 4C8F362116BA0D7900AD101A /* Astonished@2x.png */; };
		4C8F363616BA0D7900AD101A /* Aroused.png in Resources */ = {isa = PBXBuildFile; fileRef = 4C8F362216BA0D7900AD101A /* Aroused.png */; };
		4C8F363716BA0D7900AD101A /* Aroused@2x.png in Resources */ = {isa = PBXBuildFile; fileRef = 4C8F362316BA0D7900AD101A /* Aroused@2x.png */; };
		4C8F363816BA0D7900AD101A /* Attracted.png in Resources */ = {isa = PBXBuildFile; fileRef = 4C8F362416BA0D7900AD101A /* Attracted.png */; };
		4C8F363916BA0D7900AD101A /* Attracted@2x.png in Resources */ = {isa = PBXBuildFile; fileRef = 4C8F362516BA0D7900AD101A /* Attracted@2x.png */; };
		4C8F363A16BA0D7900AD101A /* Apprehensive.png in Resources */ = {isa = PBXBuildFile; fileRef = 4C8F362616BA0D7900AD101A /* Apprehensive.png */; };
		4C8F363B16BA0D7900AD101A /* Apprehensive@2x.png in Resources */ = {isa = PBXBuildFile; fileRef = 4C8F362716BA0D7900AD101A /* Apprehensive@2x.png */; };
		4C8F363C16BA0D7900AD101A /* Anticipating.png in Resources */ = {isa = PBXBuildFile; fileRef = 4C8F362816BA0D7900AD101A /* Anticipating.png */; };
		4C8F363D16BA0D7900AD101A /* Anticipating@2x.png in Resources */ = {isa = PBXBuildFile; fileRef = 4C8F362916BA0D7900AD101A /* Anticipating@2x.png */; };
		4C90E1D216D7E31100B001EE /* MlChartCollectionViewCell.m in Sources */ = {isa = PBXBuildFile; fileRef = 4C90E1D116D7E31100B001EE /* MlChartCollectionViewCell.m */; };
		4C9730F916307B6C00E1D0B9 /* MlMoodCollectionViewController.m in Sources */ = {isa = PBXBuildFile; fileRef = 4C9730F816307B6C00E1D0B9 /* MlMoodCollectionViewController.m */; };
		4C973100163081B900E1D0B9 /* MlCollectionViewCell.m in Sources */ = {isa = PBXBuildFile; fileRef = 4C9730FF163081B900E1D0B9 /* MlCollectionViewCell.m */; };
		4C97310E16308E5F00E1D0B9 /* BlackLine.png in Resources */ = {isa = PBXBuildFile; fileRef = 4C97310D16308E5F00E1D0B9 /* BlackLine.png */; };
		4CDAAAD016BDEBC600A79F09 /* MoodLogEvents.m in Sources */ = {isa = PBXBuildFile; fileRef = 4CDAAACF16BDEBC600A79F09 /* MoodLogEvents.m */; };
		4CECC214165D4D7400EE3C6B /* Blank.png in Resources */ = {isa = PBXBuildFile; fileRef = 4CECC212165D4D7400EE3C6B /* Blank.png */; };
		4CECC215165D4D7400EE3C6B /* Blank@2x.png in Resources */ = {isa = PBXBuildFile; fileRef = 4CECC213165D4D7400EE3C6B /* Blank@2x.png */; };
		4CEFD84316EFD014000BA559 /* Grumpy.png in Resources */ = {isa = PBXBuildFile; fileRef = 4CEFD82F16EFD014000BA559 /* Grumpy.png */; };
		4CEFD84416EFD014000BA559 /* Grumpy@2x.png in Resources */ = {isa = PBXBuildFile; fileRef = 4CEFD83016EFD014000BA559 /* Grumpy@2x.png */; };
		4CEFD84516EFD014000BA559 /* Disgusted.png in Resources */ = {isa = PBXBuildFile; fileRef = 4CEFD83116EFD014000BA559 /* Disgusted.png */; };
		4CEFD84616EFD014000BA559 /* Disgusted@2x.png in Resources */ = {isa = PBXBuildFile; fileRef = 4CEFD83216EFD014000BA559 /* Disgusted@2x.png */; };
		4CEFD84716EFD014000BA559 /* Disappointed.png in Resources */ = {isa = PBXBuildFile; fileRef = 4CEFD83316EFD014000BA559 /* Disappointed.png */; };
		4CEFD84816EFD014000BA559 /* Disappointed@2x.png in Resources */ = {isa = PBXBuildFile; fileRef = 4CEFD83416EFD014000BA559 /* Disappointed@2x.png */; };
		4CEFD84916EFD014000BA559 /* Despairing.png in Resources */ = {isa = PBXBuildFile; fileRef = 4CEFD83516EFD014000BA559 /* Despairing.png */; };
		4CEFD84A16EFD014000BA559 /* Despairing@2x.png in Resources */ = {isa = PBXBuildFile; fileRef = 4CEFD83616EFD014000BA559 /* Despairing@2x.png */; };
		4CEFD84B16EFD014000BA559 /* Desiring.png in Resources */ = {isa = PBXBuildFile; fileRef = 4CEFD83716EFD014000BA559 /* Desiring.png */; };
		4CEFD84C16EFD014000BA559 /* Desiring@2x.png in Resources */ = {isa = PBXBuildFile; fileRef = 4CEFD83816EFD014000BA559 /* Desiring@2x.png */; };
		4CEFD84D16EFD014000BA559 /* Desirable.png in Resources */ = {isa = PBXBuildFile; fileRef = 4CEFD83916EFD014000BA559 /* Desirable.png */; };
		4CEFD84E16EFD014000BA559 /* Desirable@2x.png in Resources */ = {isa = PBXBuildFile; fileRef = 4CEFD83A16EFD014000BA559 /* Desirable@2x.png */; };
		4CEFD84F16EFD014000BA559 /* Skeptical.png in Resources */ = {isa = PBXBuildFile; fileRef = 4CEFD83B16EFD014000BA559 /* Skeptical.png */; };
		4CEFD85016EFD014000BA559 /* Skeptical@2x.png in Resources */ = {isa = PBXBuildFile; fileRef = 4CEFD83C16EFD014000BA559 /* Skeptical@2x.png */; };
		4CEFD85116EFD014000BA559 /* Depressed.png in Resources */ = {isa = PBXBuildFile; fileRef = 4CEFD83D16EFD014000BA559 /* Depressed.png */; };
		4CEFD85216EFD014000BA559 /* Depressed@2x.png in Resources */ = {isa = PBXBuildFile; fileRef = 4CEFD83E16EFD014000BA559 /* Depressed@2x.png */; };
		4CEFD85316EFD014000BA559 /* Delighted.png in Resources */ = {isa = PBXBuildFile; fileRef = 4CEFD83F16EFD014000BA559 /* Delighted.png */; };
		4CEFD85416EFD014000BA559 /* Delighted@2x.png in Resources */ = {isa = PBXBuildFile; fileRef = 4CEFD84016EFD014000BA559 /* Delighted@2x.png */; };
		4CEFD85516EFD014000BA559 /* Dejected@2x.png in Resources */ = {isa = PBXBuildFile; fileRef = 4CEFD84116EFD014000BA559 /* Dejected@2x.png */; };
		4CEFD85616EFD014000BA559 /* Dejected.png in Resources */ = {isa = PBXBuildFile; fileRef = 4CEFD84216EFD014000BA559 /* Dejected.png */; };
		4CF7696E16D850B2006ECD96 /* BlackLineVertical.png in Resources */ = {isa = PBXBuildFile; fileRef = 4CF7696D16D850B2006ECD96 /* BlackLineVertical.png */; };
		4CF7697016D85A90006ECD96 /* GrayLine.png in Resources */ = {isa = PBXBuildFile; fileRef = 4CF7696F16D85A90006ECD96 /* GrayLine.png */; };
		4CFB21EE164B8B0F0055CC3D /* MlChartViewController.m in Sources */ = {isa = PBXBuildFile; fileRef = 4CFB21ED164B8B0F0055CC3D /* MlChartViewController.m */; };
		4CFB21F1164B8C870055CC3D /* MlMailViewController.m in Sources */ = {isa = PBXBuildFile; fileRef = 4CFB21F0164B8C870055CC3D /* MlMailViewController.m */; };
		4CFB21F4164B8D370055CC3D /* MlCalendarViewController.m in Sources */ = {isa = PBXBuildFile; fileRef = 4CFB21F3164B8D370055CC3D /* MlCalendarViewController.m */; };
		4CFD9FA5166D85AB00805D6B /* add.png in Resources */ = {isa = PBXBuildFile; fileRef = 4CFD9FA4166D85AB00805D6B /* add.png */; };
/* End PBXBuildFile section */

/* Begin PBXContainerItemProxy section */
		4C55CC1A162DE67500EAA878 /* PBXContainerItemProxy */ = {
			isa = PBXContainerItemProxy;
			containerPortal = 4C55CBD9162DE67400EAA878 /* Project object */;
			proxyType = 1;
			remoteGlobalIDString = 4C55CBE1162DE67400EAA878;
			remoteInfo = MoodLog;
		};
/* End PBXContainerItemProxy section */

/* Begin PBXFileReference section */
		4C0C766A1649F95100DD372F /* MlDatePickerViewController.h */ = {isa = PBXFileReference; fileEncoding = 4; lastKnownFileType = sourcecode.c.h; path = MlDatePickerViewController.h; sourceTree = "<group>"; };
		4C0C766B1649F95100DD372F /* MlDatePickerViewController.m */ = {isa = PBXFileReference; fileEncoding = 4; lastKnownFileType = sourcecode.c.objc; path = MlDatePickerViewController.m; sourceTree = "<group>"; };
		4C0C767A164AC84800DD372F /* shuffle_off.png */ = {isa = PBXFileReference; lastKnownFileType = image.png; name = shuffle_off.png; path = Images/shuffle_off.png; sourceTree = "<group>"; };
		4C0C767B164AC84800DD372F /* shuffle_on.png */ = {isa = PBXFileReference; lastKnownFileType = image.png; name = shuffle_on.png; path = Images/shuffle_on.png; sourceTree = "<group>"; };
		4C0C767E164ACEB800DD372F /* calendar.png */ = {isa = PBXFileReference; lastKnownFileType = image.png; name = calendar.png; path = Images/calendar.png; sourceTree = "<group>"; };
		4C0C7680164AD06E00DD372F /* junk.png */ = {isa = PBXFileReference; lastKnownFileType = image.png; name = junk.png; path = Images/junk.png; sourceTree = "<group>"; };
		4C0C7682164AD3BC00DD372F /* chart.png */ = {isa = PBXFileReference; lastKnownFileType = image.png; name = chart.png; path = Images/chart.png; sourceTree = "<group>"; };
		4C1502F816D88AAA00B9E8BC /* GrayLineVertical.png */ = {isa = PBXFileReference; lastKnownFileType = image.png; path = GrayLineVertical.png; sourceTree = "<group>"; };
		4C1FE6A416DCA153009FFA8A /* CalendarBlank@2x.png */ = {isa = PBXFileReference; lastKnownFileType = image.png; path = "CalendarBlank@2x.png"; sourceTree = "<group>"; };
		4C1FE6A616DCA42A009FFA8A /* pie.jpg */ = {isa = PBXFileReference; lastKnownFileType = image.jpeg; path = pie.jpg; sourceTree = "<group>"; };
		4C3E0FB51657122100B0E060 /* Prefs.h */ = {isa = PBXFileReference; fileEncoding = 4; lastKnownFileType = sourcecode.c.h; path = Prefs.h; sourceTree = "<group>"; };
		4C3E0FB61657122100B0E060 /* Prefs.m */ = {isa = PBXFileReference; fileEncoding = 4; lastKnownFileType = sourcecode.c.objc; path = Prefs.m; sourceTree = "<group>"; };
		4C4C53D4166569A400DDDBA2 /* MoodLog 3.xcdatamodel */ = {isa = PBXFileReference; lastKnownFileType = wrapper.xcdatamodel; path = "MoodLog 3.xcdatamodel"; sourceTree = "<group>"; };
		4C4C53DF1665F14900DDDBA2 /* MoodList.plist */ = {isa = PBXFileReference; fileEncoding = 4; lastKnownFileType = text.plist.xml; path = MoodList.plist; sourceTree = "<group>"; };
		4C4C53E11666ECA400DDDBA2 /* Afraid.png */ = {isa = PBXFileReference; lastKnownFileType = image.png; path = Afraid.png; sourceTree = "<group>"; };
		4C4C53E21666ECA400DDDBA2 /* Afraid@2x.png */ = {isa = PBXFileReference; lastKnownFileType = image.png; path = "Afraid@2x.png"; sourceTree = "<group>"; };
		4C4C53E31666ECA400DDDBA2 /* Angry.png */ = {isa = PBXFileReference; lastKnownFileType = image.png; path = Angry.png; sourceTree = "<group>"; };
		4C4C53E41666ECA400DDDBA2 /* Angry@2x.png */ = {isa = PBXFileReference; lastKnownFileType = image.png; path = "Angry@2x.png"; sourceTree = "<group>"; };
		4C4C53E51666ECA400DDDBA2 /* Glad.png */ = {isa = PBXFileReference; lastKnownFileType = image.png; path = Glad.png; sourceTree = "<group>"; };
		4C4C53E61666ECA400DDDBA2 /* Glad@2x.png */ = {isa = PBXFileReference; lastKnownFileType = image.png; path = "Glad@2x.png"; sourceTree = "<group>"; };
		4C4C53ED16694A5400DDDBA2 /* Sad.png */ = {isa = PBXFileReference; lastKnownFileType = image.png; path = Sad.png; sourceTree = "<group>"; };
		4C4C53EE16694A5400DDDBA2 /* Sad@2x.png */ = {isa = PBXFileReference; lastKnownFileType = image.png; path = "Sad@2x.png"; sourceTree = "<group>"; };
		4C4C53F11669ECDB00DDDBA2 /* Adored.png */ = {isa = PBXFileReference; lastKnownFileType = image.png; path = Adored.png; sourceTree = "<group>"; };
		4C4C53F21669ECDB00DDDBA2 /* Adored@2x.png */ = {isa = PBXFileReference; lastKnownFileType = image.png; path = "Adored@2x.png"; sourceTree = "<group>"; };
		4C4C53F51669EDEB00DDDBA2 /* Happy.png */ = {isa = PBXFileReference; lastKnownFileType = image.png; path = Happy.png; sourceTree = "<group>"; };
		4C4C53F61669EDEB00DDDBA2 /* Happy@2x.png */ = {isa = PBXFileReference; lastKnownFileType = image.png; path = "Happy@2x.png"; sourceTree = "<group>"; };
		4C4C53F9166A85D700DDDBA2 /* Amused.png */ = {isa = PBXFileReference; lastKnownFileType = image.png; path = Amused.png; sourceTree = "<group>"; };
		4C4C53FA166A85D700DDDBA2 /* Amused@2x.png */ = {isa = PBXFileReference; lastKnownFileType = image.png; path = "Amused@2x.png"; sourceTree = "<group>"; };
		4C4C53FD166A895F00DDDBA2 /* Annoyed.png */ = {isa = PBXFileReference; lastKnownFileType = image.png; path = Annoyed.png; sourceTree = "<group>"; };
		4C4C53FE166A895F00DDDBA2 /* Annoyed@2x.png */ = {isa = PBXFileReference; lastKnownFileType = image.png; path = "Annoyed@2x.png"; sourceTree = "<group>"; };
		4C4C5401166A89BD00DDDBA2 /* Anxious.png */ = {isa = PBXFileReference; lastKnownFileType = image.png; path = Anxious.png; sourceTree = "<group>"; };
		4C4C5402166A89BD00DDDBA2 /* Anxious@2x.png */ = {isa = PBXFileReference; lastKnownFileType = image.png; path = "Anxious@2x.png"; sourceTree = "<group>"; };
		4C4C5405166A8A2800DDDBA2 /* Apologetic.png */ = {isa = PBXFileReference; lastKnownFileType = image.png; path = Apologetic.png; sourceTree = "<group>"; };
		4C4C5406166A8A2800DDDBA2 /* Apologetic@2x.png */ = {isa = PBXFileReference; lastKnownFileType = image.png; path = "Apologetic@2x.png"; sourceTree = "<group>"; };
		4C4C5409166A8AD400DDDBA2 /* Ashamed.png */ = {isa = PBXFileReference; lastKnownFileType = image.png; path = Ashamed.png; sourceTree = "<group>"; };
		4C4C540A166A8AD400DDDBA2 /* Ashamed@2x.png */ = {isa = PBXFileReference; lastKnownFileType = image.png; path = "Ashamed@2x.png"; sourceTree = "<group>"; };
		4C4C540D166A8B6D00DDDBA2 /* Blessed.png */ = {isa = PBXFileReference; lastKnownFileType = image.png; path = Blessed.png; sourceTree = "<group>"; };
		4C4C540E166A8B6E00DDDBA2 /* Blessed@2x.png */ = {isa = PBXFileReference; lastKnownFileType = image.png; path = "Blessed@2x.png"; sourceTree = "<group>"; };
		4C4C5411166A8BEC00DDDBA2 /* Blissful.png */ = {isa = PBXFileReference; lastKnownFileType = image.png; path = Blissful.png; sourceTree = "<group>"; };
		4C4C5412166A8BEC00DDDBA2 /* Blissful@2x.png */ = {isa = PBXFileReference; lastKnownFileType = image.png; path = "Blissful@2x.png"; sourceTree = "<group>"; };
		4C4C5415166A8F3700DDDBA2 /* Bored.png */ = {isa = PBXFileReference; lastKnownFileType = image.png; path = Bored.png; sourceTree = "<group>"; };
		4C4C5416166A8F3800DDDBA2 /* Bored@2x.png */ = {isa = PBXFileReference; lastKnownFileType = image.png; path = "Bored@2x.png"; sourceTree = "<group>"; };
		4C4C5419166A8FDC00DDDBA2 /* Broken.png */ = {isa = PBXFileReference; lastKnownFileType = image.png; path = Broken.png; sourceTree = "<group>"; };
		4C4C541A166A8FDD00DDDBA2 /* Broken@2x.png */ = {isa = PBXFileReference; lastKnownFileType = image.png; path = "Broken@2x.png"; sourceTree = "<group>"; };
		4C4C541D166A904500DDDBA2 /* Bothered.png */ = {isa = PBXFileReference; lastKnownFileType = image.png; path = Bothered.png; sourceTree = "<group>"; };
		4C4C541E166A904500DDDBA2 /* Bothered@2x.png */ = {isa = PBXFileReference; lastKnownFileType = image.png; path = "Bothered@2x.png"; sourceTree = "<group>"; };
		4C4C5421166A909800DDDBA2 /* Cautious.png */ = {isa = PBXFileReference; lastKnownFileType = image.png; path = Cautious.png; sourceTree = "<group>"; };
		4C4C5422166A909900DDDBA2 /* Cautious@2x.png */ = {isa = PBXFileReference; lastKnownFileType = image.png; path = "Cautious@2x.png"; sourceTree = "<group>"; };
		4C4C5425166A915E00DDDBA2 /* Confident.png */ = {isa = PBXFileReference; lastKnownFileType = image.png; path = Confident.png; sourceTree = "<group>"; };
		4C4C5426166A915E00DDDBA2 /* Confident@2x.png */ = {isa = PBXFileReference; lastKnownFileType = image.png; path = "Confident@2x.png"; sourceTree = "<group>"; };
		4C4C5429166A91A700DDDBA2 /* Content.png */ = {isa = PBXFileReference; lastKnownFileType = image.png; path = Content.png; sourceTree = "<group>"; };
		4C4C542A166A91A700DDDBA2 /* Content@2x.png */ = {isa = PBXFileReference; lastKnownFileType = image.png; path = "Content@2x.png"; sourceTree = "<group>"; };
		4C4C542D166A920E00DDDBA2 /* Curious.png */ = {isa = PBXFileReference; lastKnownFileType = image.png; path = Curious.png; sourceTree = "<group>"; };
		4C4C542E166A920E00DDDBA2 /* Curious@2x.png */ = {isa = PBXFileReference; lastKnownFileType = image.png; path = "Curious@2x.png"; sourceTree = "<group>"; };
		4C4C5431166A92E700DDDBA2 /* Embarrased.png */ = {isa = PBXFileReference; lastKnownFileType = image.png; path = Embarrased.png; sourceTree = "<group>"; };
		4C4C5432166A92E800DDDBA2 /* Embarrased@2x.png */ = {isa = PBXFileReference; lastKnownFileType = image.png; path = "Embarrased@2x.png"; sourceTree = "<group>"; };
		4C4C5435166A936900DDDBA2 /* Skeptical.png */ = {isa = PBXFileReference; lastKnownFileType = image.png; path = Skeptical.png; sourceTree = "<group>"; };
		4C4C5436166A936900DDDBA2 /* Skeptical@2x.png */ = {isa = PBXFileReference; lastKnownFileType = image.png; path = "Skeptical@2x.png"; sourceTree = "<group>"; };
		4C4C5439166A93C700DDDBA2 /* Worried.png */ = {isa = PBXFileReference; lastKnownFileType = image.png; path = Worried.png; sourceTree = "<group>"; };
		4C4C543A166A93C700DDDBA2 /* Worried@2x.png */ = {isa = PBXFileReference; lastKnownFileType = image.png; path = "Worried@2x.png"; sourceTree = "<group>"; };
		4C4C543D166D46F900DDDBA2 /* Adoring.png */ = {isa = PBXFileReference; lastKnownFileType = image.png; path = Adoring.png; sourceTree = "<group>"; };
		4C4C543E166D46FA00DDDBA2 /* Adoring@2x.png */ = {isa = PBXFileReference; lastKnownFileType = image.png; path = "Adoring@2x.png"; sourceTree = "<group>"; };
		4C50A08516DAC9D1003954E6 /* MoodLog 5.xcdatamodel */ = {isa = PBXFileReference; lastKnownFileType = wrapper.xcdatamodel; path = "MoodLog 5.xcdatamodel"; sourceTree = "<group>"; };
		4C50A08616DACA16003954E6 /* Emotions.h */ = {isa = PBXFileReference; fileEncoding = 4; lastKnownFileType = sourcecode.c.h; path = Emotions.h; sourceTree = "<group>"; };
		4C50A08716DACA16003954E6 /* Emotions.m */ = {isa = PBXFileReference; fileEncoding = 4; lastKnownFileType = sourcecode.c.objc; path = Emotions.m; sourceTree = "<group>"; };
		4C52861616D9A654007C878C /* MlChartDrawingView.h */ = {isa = PBXFileReference; fileEncoding = 4; lastKnownFileType = sourcecode.c.h; path = MlChartDrawingView.h; sourceTree = "<group>"; };
		4C52861716D9A654007C878C /* MlChartDrawingView.m */ = {isa = PBXFileReference; fileEncoding = 4; lastKnownFileType = sourcecode.c.objc; path = MlChartDrawingView.m; sourceTree = "<group>"; };
		4C55CBE2162DE67400EAA878 /* MoodLog.app */ = {isa = PBXFileReference; explicitFileType = wrapper.application; includeInIndex = 0; path = MoodLog.app; sourceTree = BUILT_PRODUCTS_DIR; };
		4C55CBE6162DE67400EAA878 /* UIKit.framework */ = {isa = PBXFileReference; lastKnownFileType = wrapper.framework; name = UIKit.framework; path = System/Library/Frameworks/UIKit.framework; sourceTree = SDKROOT; };
		4C55CBE8162DE67400EAA878 /* Foundation.framework */ = {isa = PBXFileReference; lastKnownFileType = wrapper.framework; name = Foundation.framework; path = System/Library/Frameworks/Foundation.framework; sourceTree = SDKROOT; };
		4C55CBEA162DE67400EAA878 /* CoreGraphics.framework */ = {isa = PBXFileReference; lastKnownFileType = wrapper.framework; name = CoreGraphics.framework; path = System/Library/Frameworks/CoreGraphics.framework; sourceTree = SDKROOT; };
		4C55CBEC162DE67400EAA878 /* CoreData.framework */ = {isa = PBXFileReference; lastKnownFileType = wrapper.framework; name = CoreData.framework; path = System/Library/Frameworks/CoreData.framework; sourceTree = SDKROOT; };
		4C55CBF0162DE67400EAA878 /* MoodLog-Info.plist */ = {isa = PBXFileReference; lastKnownFileType = text.plist.xml; path = "MoodLog-Info.plist"; sourceTree = "<group>"; };
		4C55CBF2162DE67400EAA878 /* en */ = {isa = PBXFileReference; lastKnownFileType = text.plist.strings; name = en; path = en.lproj/InfoPlist.strings; sourceTree = "<group>"; };
		4C55CBF4162DE67500EAA878 /* main.m */ = {isa = PBXFileReference; lastKnownFileType = sourcecode.c.objc; path = main.m; sourceTree = "<group>"; };
		4C55CBF6162DE67500EAA878 /* MoodLog-Prefix.pch */ = {isa = PBXFileReference; lastKnownFileType = sourcecode.c.h; path = "MoodLog-Prefix.pch"; sourceTree = "<group>"; };
		4C55CBF7162DE67500EAA878 /* MlAppDelegate.h */ = {isa = PBXFileReference; lastKnownFileType = sourcecode.c.h; path = MlAppDelegate.h; sourceTree = "<group>"; };
		4C55CBF8162DE67500EAA878 /* MlAppDelegate.m */ = {isa = PBXFileReference; lastKnownFileType = sourcecode.c.objc; path = MlAppDelegate.m; sourceTree = "<group>"; };
		4C55CBFA162DE67500EAA878 /* Default.png */ = {isa = PBXFileReference; lastKnownFileType = image.png; path = Default.png; sourceTree = "<group>"; };
		4C55CBFC162DE67500EAA878 /* Default@2x.png */ = {isa = PBXFileReference; lastKnownFileType = image.png; path = "Default@2x.png"; sourceTree = "<group>"; };
		4C55CBFE162DE67500EAA878 /* Default-568h@2x.png */ = {isa = PBXFileReference; lastKnownFileType = image.png; path = "Default-568h@2x.png"; sourceTree = "<group>"; };
		4C55CC01162DE67500EAA878 /* en */ = {isa = PBXFileReference; lastKnownFileType = file.storyboard; name = en; path = en.lproj/MainStoryboard_iPhone.storyboard; sourceTree = "<group>"; };
		4C55CC04162DE67500EAA878 /* en */ = {isa = PBXFileReference; lastKnownFileType = file.storyboard; name = en; path = en.lproj/MainStoryboard_iPad.storyboard; sourceTree = "<group>"; };
		4C55CC07162DE67500EAA878 /* MoodLog.xcdatamodel */ = {isa = PBXFileReference; lastKnownFileType = wrapper.xcdatamodel; path = MoodLog.xcdatamodel; sourceTree = "<group>"; };
		4C55CC09162DE67500EAA878 /* MlMasterViewController.h */ = {isa = PBXFileReference; lastKnownFileType = sourcecode.c.h; path = MlMasterViewController.h; sourceTree = "<group>"; };
		4C55CC0A162DE67500EAA878 /* MlMasterViewController.m */ = {isa = PBXFileReference; lastKnownFileType = sourcecode.c.objc; path = MlMasterViewController.m; sourceTree = "<group>"; };
		4C55CC0C162DE67500EAA878 /* MlDetailViewController.h */ = {isa = PBXFileReference; lastKnownFileType = sourcecode.c.h; path = MlDetailViewController.h; sourceTree = "<group>"; };
		4C55CC0D162DE67500EAA878 /* MlDetailViewController.m */ = {isa = PBXFileReference; lastKnownFileType = sourcecode.c.objc; path = MlDetailViewController.m; sourceTree = "<group>"; };
		4C55CC14162DE67500EAA878 /* MoodLogTests.octest */ = {isa = PBXFileReference; explicitFileType = wrapper.cfbundle; includeInIndex = 0; path = MoodLogTests.octest; sourceTree = BUILT_PRODUCTS_DIR; };
		4C55CC15162DE67500EAA878 /* SenTestingKit.framework */ = {isa = PBXFileReference; lastKnownFileType = wrapper.framework; name = SenTestingKit.framework; path = Library/Frameworks/SenTestingKit.framework; sourceTree = DEVELOPER_DIR; };
		4C55CC1E162DE67500EAA878 /* MoodLogTests-Info.plist */ = {isa = PBXFileReference; lastKnownFileType = text.plist.xml; path = "MoodLogTests-Info.plist"; sourceTree = "<group>"; };
		4C55CC20162DE67500EAA878 /* en */ = {isa = PBXFileReference; lastKnownFileType = text.plist.strings; name = en; path = en.lproj/InfoPlist.strings; sourceTree = "<group>"; };
		4C55CC22162DE67500EAA878 /* MoodLogTests.h */ = {isa = PBXFileReference; lastKnownFileType = sourcecode.c.h; path = MoodLogTests.h; sourceTree = "<group>"; };
		4C55CC23162DE67500EAA878 /* MoodLogTests.m */ = {isa = PBXFileReference; lastKnownFileType = sourcecode.c.objc; path = MoodLogTests.m; sourceTree = "<group>"; };
		4C55EC7A16DC4C9E00F26984 /* paper.jpg */ = {isa = PBXFileReference; lastKnownFileType = image.jpeg; path = paper.jpg; sourceTree = "<group>"; };
		4C55EC7E16DC5CA900F26984 /* paper320x60.jpg */ = {isa = PBXFileReference; lastKnownFileType = image.jpeg; path = paper320x60.jpg; sourceTree = "<group>"; };
		4C55EC7F16DC5CA900F26984 /* paper320x60@2x.jpg */ = {isa = PBXFileReference; lastKnownFileType = image.jpeg; path = "paper320x60@2x.jpg"; sourceTree = "<group>"; };
		4C55EC8216DC604B00F26984 /* paper@2x.jpg */ = {isa = PBXFileReference; lastKnownFileType = image.jpeg; path = "paper@2x.jpg"; sourceTree = "<group>"; };
		4C589C65163200F100428C52 /* Stressors.h */ = {isa = PBXFileReference; fileEncoding = 4; lastKnownFileType = sourcecode.c.h; path = Stressors.h; sourceTree = "<group>"; };
		4C589C66163200F100428C52 /* Stressors.m */ = {isa = PBXFileReference; fileEncoding = 4; lastKnownFileType = sourcecode.c.objc; path = Stressors.m; sourceTree = "<group>"; };
		4C5D051016C1F1BC0028C421 /* MlFacesViewController.h */ = {isa = PBXFileReference; fileEncoding = 4; lastKnownFileType = sourcecode.c.h; path = MlFacesViewController.h; sourceTree = "<group>"; };
		4C5D051116C1F1BC0028C421 /* MlFacesViewController.m */ = {isa = PBXFileReference; fileEncoding = 4; lastKnownFileType = sourcecode.c.objc; path = MlFacesViewController.m; sourceTree = "<group>"; };
		4C643D9A16B11C2100CA4F32 /* IconPlaceholder@2x.png */ = {isa = PBXFileReference; lastKnownFileType = image.png; path = "IconPlaceholder@2x.png"; sourceTree = "<group>"; };
		4C643D9C16B11C2900CA4F32 /* IconPlaceholder.png */ = {isa = PBXFileReference; lastKnownFileType = image.png; path = IconPlaceholder.png; sourceTree = "<group>"; };
		4C7A484316B115D50081CEF5 /* Affectionate.png */ = {isa = PBXFileReference; lastKnownFileType = image.png; path = Affectionate.png; sourceTree = "<group>"; };
		4C7A484416B115D50081CEF5 /* Affectionate@2x.png */ = {isa = PBXFileReference; lastKnownFileType = image.png; path = "Affectionate@2x.png"; sourceTree = "<group>"; };
		4C7A484516B115D50081CEF5 /* Aggravated.png */ = {isa = PBXFileReference; lastKnownFileType = image.png; path = Aggravated.png; sourceTree = "<group>"; };
		4C7A484616B115D50081CEF5 /* Aggravated@2x.png */ = {isa = PBXFileReference; lastKnownFileType = image.png; path = "Aggravated@2x.png"; sourceTree = "<group>"; };
		4C7A484816B115D50081CEF5 /* Alarmed@2x.png */ = {isa = PBXFileReference; lastKnownFileType = image.png; path = "Alarmed@2x.png"; sourceTree = "<group>"; };
		4C7A484916B115D50081CEF5 /* Alienated.png */ = {isa = PBXFileReference; lastKnownFileType = image.png; path = Alienated.png; sourceTree = "<group>"; };
		4C7A484A16B115D50081CEF5 /* Alienated@2x.png */ = {isa = PBXFileReference; lastKnownFileType = image.png; path = "Alienated@2x.png"; sourceTree = "<group>"; };
		4C7A484B16B115D50081CEF5 /* Amazed.png */ = {isa = PBXFileReference; lastKnownFileType = image.png; path = Amazed.png; sourceTree = "<group>"; };
		4C7A484C16B115D50081CEF5 /* Amazed@2x.png */ = {isa = PBXFileReference; lastKnownFileType = image.png; path = "Amazed@2x.png"; sourceTree = "<group>"; };
		4C7A484D16B115D50081CEF5 /* Ambivalent.png */ = {isa = PBXFileReference; lastKnownFileType = image.png; path = Ambivalent.png; sourceTree = "<group>"; };
		4C7A484E16B115D50081CEF5 /* Ambivalent@2x.png */ = {isa = PBXFileReference; lastKnownFileType = image.png; path = "Ambivalent@2x.png"; sourceTree = "<group>"; };
		4C7A486016B116180081CEF5 /* Alarmed.png */ = {isa = PBXFileReference; lastKnownFileType = image.png; path = Alarmed.png; sourceTree = "<group>"; };
		4C7C788E162E8F2C008DC828 /* CalendarBlank.png */ = {isa = PBXFileReference; lastKnownFileType = image.png; path = CalendarBlank.png; sourceTree = "<group>"; };
		4C7C789C162E9192008DC828 /* MlCell.h */ = {isa = PBXFileReference; fileEncoding = 4; lastKnownFileType = sourcecode.c.h; path = MlCell.h; sourceTree = "<group>"; };
		4C7C789D162E9192008DC828 /* MlCell.m */ = {isa = PBXFileReference; fileEncoding = 4; lastKnownFileType = sourcecode.c.objc; path = MlCell.m; sourceTree = "<group>"; };
		4C7CA28C1630770800CC5CCA /* MlMoodDataItem.h */ = {isa = PBXFileReference; fileEncoding = 4; lastKnownFileType = sourcecode.c.h; path = MlMoodDataItem.h; sourceTree = "<group>"; };
		4C7CA28D1630770800CC5CCA /* MlMoodDataItem.m */ = {isa = PBXFileReference; fileEncoding = 4; lastKnownFileType = sourcecode.c.objc; path = MlMoodDataItem.m; sourceTree = "<group>"; };
		4C85B41816D72B3700D1625A /* MlChartCollectionViewController.h */ = {isa = PBXFileReference; fileEncoding = 4; lastKnownFileType = sourcecode.c.h; path = MlChartCollectionViewController.h; sourceTree = "<group>"; };
		4C85B41916D72B3700D1625A /* MlChartCollectionViewController.m */ = {isa = PBXFileReference; fileEncoding = 4; lastKnownFileType = sourcecode.c.objc; path = MlChartCollectionViewController.m; sourceTree = "<group>"; };
		4C8F361616BA0D7900AD101A /* Compassionate.png */ = {isa = PBXFileReference; lastKnownFileType = image.png; path = Compassionate.png; sourceTree = "<group>"; };
		4C8F361716BA0D7900AD101A /* Compassionate@2x.png */ = {isa = PBXFileReference; lastKnownFileType = image.png; path = "Compassionate@2x.png"; sourceTree = "<group>"; };
		4C8F361816BA0D7900AD101A /* Cheerful.png */ = {isa = PBXFileReference; lastKnownFileType = image.png; path = Cheerful.png; sourceTree = "<group>"; };
		4C8F361916BA0D7900AD101A /* Cheerful@2x.png */ = {isa = PBXFileReference; lastKnownFileType = image.png; path = "Cheerful@2x.png"; sourceTree = "<group>"; };
		4C8F361A16BA0D7900AD101A /* Caring.png */ = {isa = PBXFileReference; lastKnownFileType = image.png; path = Caring.png; sourceTree = "<group>"; };
		4C8F361B16BA0D7900AD101A /* Caring@2x.png */ = {isa = PBXFileReference; lastKnownFileType = image.png; path = "Caring@2x.png"; sourceTree = "<group>"; };
		4C8F361C16BA0D7900AD101A /* Awed.png */ = {isa = PBXFileReference; lastKnownFileType = image.png; path = Awed.png; sourceTree = "<group>"; };
		4C8F361D16BA0D7900AD101A /* Awed@2x.png */ = {isa = PBXFileReference; lastKnownFileType = image.png; path = "Awed@2x.png"; sourceTree = "<group>"; };
		4C8F361E16BA0D7900AD101A /* Attractive.png */ = {isa = PBXFileReference; lastKnownFileType = image.png; path = Attractive.png; sourceTree = "<group>"; };
		4C8F361F16BA0D7900AD101A /* Attractive@2x.png */ = {isa = PBXFileReference; lastKnownFileType = image.png; path = "Attractive@2x.png"; sourceTree = "<group>"; };
		4C8F362016BA0D7900AD101A /* Astonished.png */ = {isa = PBXFileReference; lastKnownFileType = image.png; path = Astonished.png; sourceTree = "<group>"; };
		4C8F362116BA0D7900AD101A /* Astonished@2x.png */ = {isa = PBXFileReference; lastKnownFileType = image.png; path = "Astonished@2x.png"; sourceTree = "<group>"; };
		4C8F362216BA0D7900AD101A /* Aroused.png */ = {isa = PBXFileReference; lastKnownFileType = image.png; path = Aroused.png; sourceTree = "<group>"; };
		4C8F362316BA0D7900AD101A /* Aroused@2x.png */ = {isa = PBXFileReference; lastKnownFileType = image.png; path = "Aroused@2x.png"; sourceTree = "<group>"; };
		4C8F362416BA0D7900AD101A /* Attracted.png */ = {isa = PBXFileReference; lastKnownFileType = image.png; path = Attracted.png; sourceTree = "<group>"; };
		4C8F362516BA0D7900AD101A /* Attracted@2x.png */ = {isa = PBXFileReference; lastKnownFileType = image.png; path = "Attracted@2x.png"; sourceTree = "<group>"; };
		4C8F362616BA0D7900AD101A /* Apprehensive.png */ = {isa = PBXFileReference; lastKnownFileType = image.png; path = Apprehensive.png; sourceTree = "<group>"; };
		4C8F362716BA0D7900AD101A /* Apprehensive@2x.png */ = {isa = PBXFileReference; lastKnownFileType = image.png; path = "Apprehensive@2x.png"; sourceTree = "<group>"; };
		4C8F362816BA0D7900AD101A /* Anticipating.png */ = {isa = PBXFileReference; lastKnownFileType = image.png; path = Anticipating.png; sourceTree = "<group>"; };
		4C8F362916BA0D7900AD101A /* Anticipating@2x.png */ = {isa = PBXFileReference; lastKnownFileType = image.png; path = "Anticipating@2x.png"; sourceTree = "<group>"; };
		4C90E1D016D7E31100B001EE /* MlChartCollectionViewCell.h */ = {isa = PBXFileReference; fileEncoding = 4; lastKnownFileType = sourcecode.c.h; path = MlChartCollectionViewCell.h; sourceTree = "<group>"; };
		4C90E1D116D7E31100B001EE /* MlChartCollectionViewCell.m */ = {isa = PBXFileReference; fileEncoding = 4; lastKnownFileType = sourcecode.c.objc; path = MlChartCollectionViewCell.m; sourceTree = "<group>"; };
		4C9730F716307B6B00E1D0B9 /* MlMoodCollectionViewController.h */ = {isa = PBXFileReference; fileEncoding = 4; lastKnownFileType = sourcecode.c.h; path = MlMoodCollectionViewController.h; sourceTree = "<group>"; };
		4C9730F816307B6C00E1D0B9 /* MlMoodCollectionViewController.m */ = {isa = PBXFileReference; fileEncoding = 4; lastKnownFileType = sourcecode.c.objc; path = MlMoodCollectionViewController.m; sourceTree = "<group>"; };
		4C9730FE163081B900E1D0B9 /* MlCollectionViewCell.h */ = {isa = PBXFileReference; fileEncoding = 4; lastKnownFileType = sourcecode.c.h; path = MlCollectionViewCell.h; sourceTree = "<group>"; };
		4C9730FF163081B900E1D0B9 /* MlCollectionViewCell.m */ = {isa = PBXFileReference; fileEncoding = 4; lastKnownFileType = sourcecode.c.objc; path = MlCollectionViewCell.m; sourceTree = "<group>"; };
		4C97310D16308E5F00E1D0B9 /* BlackLine.png */ = {isa = PBXFileReference; lastKnownFileType = image.png; path = BlackLine.png; sourceTree = "<group>"; };
		4CDAAACA16BDEB2900A79F09 /* MoodLog 4.xcdatamodel */ = {isa = PBXFileReference; lastKnownFileType = wrapper.xcdatamodel; path = "MoodLog 4.xcdatamodel"; sourceTree = "<group>"; };
		4CDAAACE16BDEBC600A79F09 /* MoodLogEvents.h */ = {isa = PBXFileReference; fileEncoding = 4; lastKnownFileType = sourcecode.c.h; path = MoodLogEvents.h; sourceTree = "<group>"; };
		4CDAAACF16BDEBC600A79F09 /* MoodLogEvents.m */ = {isa = PBXFileReference; fileEncoding = 4; lastKnownFileType = sourcecode.c.objc; path = MoodLogEvents.m; sourceTree = "<group>"; };
		4CECC212165D4D7400EE3C6B /* Blank.png */ = {isa = PBXFileReference; lastKnownFileType = image.png; path = Blank.png; sourceTree = "<group>"; };
		4CECC213165D4D7400EE3C6B /* Blank@2x.png */ = {isa = PBXFileReference; lastKnownFileType = image.png; path = "Blank@2x.png"; sourceTree = "<group>"; };
		4CECC217165D50E800EE3C6B /* MoodLog 2.xcdatamodel */ = {isa = PBXFileReference; lastKnownFileType = wrapper.xcdatamodel; path = "MoodLog 2.xcdatamodel"; sourceTree = "<group>"; };
		4CEFD82F16EFD014000BA559 /* Grumpy.png */ = {isa = PBXFileReference; lastKnownFileType = image.png; path = Grumpy.png; sourceTree = "<group>"; };
		4CEFD83016EFD014000BA559 /* Grumpy@2x.png */ = {isa = PBXFileReference; lastKnownFileType = image.png; path = "Grumpy@2x.png"; sourceTree = "<group>"; };
		4CEFD83116EFD014000BA559 /* Disgusted.png */ = {isa = PBXFileReference; lastKnownFileType = image.png; path = Disgusted.png; sourceTree = "<group>"; };
		4CEFD83216EFD014000BA559 /* Disgusted@2x.png */ = {isa = PBXFileReference; lastKnownFileType = image.png; path = "Disgusted@2x.png"; sourceTree = "<group>"; };
		4CEFD83316EFD014000BA559 /* Disappointed.png */ = {isa = PBXFileReference; lastKnownFileType = image.png; path = Disappointed.png; sourceTree = "<group>"; };
		4CEFD83416EFD014000BA559 /* Disappointed@2x.png */ = {isa = PBXFileReference; lastKnownFileType = image.png; path = "Disappointed@2x.png"; sourceTree = "<group>"; };
		4CEFD83516EFD014000BA559 /* Despairing.png */ = {isa = PBXFileReference; lastKnownFileType = image.png; path = Despairing.png; sourceTree = "<group>"; };
		4CEFD83616EFD014000BA559 /* Despairing@2x.png */ = {isa = PBXFileReference; lastKnownFileType = image.png; path = "Despairing@2x.png"; sourceTree = "<group>"; };
		4CEFD83716EFD014000BA559 /* Desiring.png */ = {isa = PBXFileReference; lastKnownFileType = image.png; path = Desiring.png; sourceTree = "<group>"; };
		4CEFD83816EFD014000BA559 /* Desiring@2x.png */ = {isa = PBXFileReference; lastKnownFileType = image.png; path = "Desiring@2x.png"; sourceTree = "<group>"; };
		4CEFD83916EFD014000BA559 /* Desirable.png */ = {isa = PBXFileReference; lastKnownFileType = image.png; path = Desirable.png; sourceTree = "<group>"; };
		4CEFD83A16EFD014000BA559 /* Desirable@2x.png */ = {isa = PBXFileReference; lastKnownFileType = image.png; path = "Desirable@2x.png"; sourceTree = "<group>"; };
		4CEFD83B16EFD014000BA559 /* Skeptical.png */ = {isa = PBXFileReference; lastKnownFileType = image.png; path = Skeptical.png; sourceTree = "<group>"; };
		4CEFD83C16EFD014000BA559 /* Skeptical@2x.png */ = {isa = PBXFileReference; lastKnownFileType = image.png; path = "Skeptical@2x.png"; sourceTree = "<group>"; };
		4CEFD83D16EFD014000BA559 /* Depressed.png */ = {isa = PBXFileReference; lastKnownFileType = image.png; path = Depressed.png; sourceTree = "<group>"; };
		4CEFD83E16EFD014000BA559 /* Depressed@2x.png */ = {isa = PBXFileReference; lastKnownFileType = image.png; path = "Depressed@2x.png"; sourceTree = "<group>"; };
		4CEFD83F16EFD014000BA559 /* Delighted.png */ = {isa = PBXFileReference; lastKnownFileType = image.png; path = Delighted.png; sourceTree = "<group>"; };
		4CEFD84016EFD014000BA559 /* Delighted@2x.png */ = {isa = PBXFileReference; lastKnownFileType = image.png; path = "Delighted@2x.png"; sourceTree = "<group>"; };
		4CEFD84116EFD014000BA559 /* Dejected@2x.png */ = {isa = PBXFileReference; lastKnownFileType = image.png; path = "Dejected@2x.png"; sourceTree = "<group>"; };
		4CEFD84216EFD014000BA559 /* Dejected.png */ = {isa = PBXFileReference; lastKnownFileType = image.png; path = Dejected.png; sourceTree = "<group>"; };
		4CF7696D16D850B2006ECD96 /* BlackLineVertical.png */ = {isa = PBXFileReference; lastKnownFileType = image.png; path = BlackLineVertical.png; sourceTree = "<group>"; };
		4CF7696F16D85A90006ECD96 /* GrayLine.png */ = {isa = PBXFileReference; lastKnownFileType = image.png; path = GrayLine.png; sourceTree = "<group>"; };
		4CFB21EC164B8B0F0055CC3D /* MlChartViewController.h */ = {isa = PBXFileReference; fileEncoding = 4; lastKnownFileType = sourcecode.c.h; path = MlChartViewController.h; sourceTree = "<group>"; };
		4CFB21ED164B8B0F0055CC3D /* MlChartViewController.m */ = {isa = PBXFileReference; fileEncoding = 4; lastKnownFileType = sourcecode.c.objc; path = MlChartViewController.m; sourceTree = "<group>"; };
		4CFB21EF164B8C870055CC3D /* MlMailViewController.h */ = {isa = PBXFileReference; fileEncoding = 4; lastKnownFileType = sourcecode.c.h; path = MlMailViewController.h; sourceTree = "<group>"; };
		4CFB21F0164B8C870055CC3D /* MlMailViewController.m */ = {isa = PBXFileReference; fileEncoding = 4; lastKnownFileType = sourcecode.c.objc; path = MlMailViewController.m; sourceTree = "<group>"; };
		4CFB21F2164B8D370055CC3D /* MlCalendarViewController.h */ = {isa = PBXFileReference; fileEncoding = 4; lastKnownFileType = sourcecode.c.h; path = MlCalendarViewController.h; sourceTree = "<group>"; };
		4CFB21F3164B8D370055CC3D /* MlCalendarViewController.m */ = {isa = PBXFileReference; fileEncoding = 4; lastKnownFileType = sourcecode.c.objc; path = MlCalendarViewController.m; sourceTree = "<group>"; };
		4CFD9FA4166D85AB00805D6B /* add.png */ = {isa = PBXFileReference; lastKnownFileType = image.png; name = add.png; path = Images/add.png; sourceTree = "<group>"; };
/* End PBXFileReference section */

/* Begin PBXFrameworksBuildPhase section */
		4C55CBDF162DE67400EAA878 /* Frameworks */ = {
			isa = PBXFrameworksBuildPhase;
			buildActionMask = 2147483647;
			files = (
				4C55CBE7162DE67400EAA878 /* UIKit.framework in Frameworks */,
				4C55CBE9162DE67400EAA878 /* Foundation.framework in Frameworks */,
				4C55CBEB162DE67400EAA878 /* CoreGraphics.framework in Frameworks */,
				4C55CBED162DE67400EAA878 /* CoreData.framework in Frameworks */,
			);
			runOnlyForDeploymentPostprocessing = 0;
		};
		4C55CC10162DE67500EAA878 /* Frameworks */ = {
			isa = PBXFrameworksBuildPhase;
			buildActionMask = 2147483647;
			files = (
				4C55CC16162DE67500EAA878 /* SenTestingKit.framework in Frameworks */,
				4C55CC17162DE67500EAA878 /* UIKit.framework in Frameworks */,
				4C55CC18162DE67500EAA878 /* Foundation.framework in Frameworks */,
				4C55CC19162DE67500EAA878 /* CoreData.framework in Frameworks */,
			);
			runOnlyForDeploymentPostprocessing = 0;
		};
/* End PBXFrameworksBuildPhase section */

/* Begin PBXGroup section */
		4C0C7671164AC84000DD372F /* Faces */ = {
			isa = PBXGroup;
			children = (
				4CEFD84216EFD014000BA559 /* Dejected.png */,
				4CEFD84116EFD014000BA559 /* Dejected@2x.png */,
				4CEFD83F16EFD014000BA559 /* Delighted.png */,
				4CEFD84016EFD014000BA559 /* Delighted@2x.png */,
				4CEFD83D16EFD014000BA559 /* Depressed.png */,
				4CEFD83E16EFD014000BA559 /* Depressed@2x.png */,
				4CEFD83916EFD014000BA559 /* Desirable.png */,
				4CEFD83A16EFD014000BA559 /* Desirable@2x.png */,
				4CEFD83716EFD014000BA559 /* Desiring.png */,
				4CEFD83516EFD014000BA559 /* Despairing.png */,
				4CEFD83616EFD014000BA559 /* Despairing@2x.png */,
				4CEFD83816EFD014000BA559 /* Desiring@2x.png */,
				4CEFD83316EFD014000BA559 /* Disappointed.png */,
				4CEFD83416EFD014000BA559 /* Disappointed@2x.png */,
				4CEFD83116EFD014000BA559 /* Disgusted.png */,
				4CEFD83216EFD014000BA559 /* Disgusted@2x.png */,
				4CEFD82F16EFD014000BA559 /* Grumpy.png */,
				4CEFD83016EFD014000BA559 /* Grumpy@2x.png */,
				4CEFD83B16EFD014000BA559 /* Skeptical.png */,
				4CEFD83C16EFD014000BA559 /* Skeptical@2x.png */,
				4C4C53F11669ECDB00DDDBA2 /* Adored.png */,
				4C4C53F21669ECDB00DDDBA2 /* Adored@2x.png */,
				4C4C543D166D46F900DDDBA2 /* Adoring.png */,
				4C4C543E166D46FA00DDDBA2 /* Adoring@2x.png */,
				4C7A484316B115D50081CEF5 /* Affectionate.png */,
				4C7A484416B115D50081CEF5 /* Affectionate@2x.png */,
				4C4C53E11666ECA400DDDBA2 /* Afraid.png */,
				4C4C53E21666ECA400DDDBA2 /* Afraid@2x.png */,
				4C7A484516B115D50081CEF5 /* Aggravated.png */,
				4C7A484616B115D50081CEF5 /* Aggravated@2x.png */,
				4C7A486016B116180081CEF5 /* Alarmed.png */,
				4C7A484816B115D50081CEF5 /* Alarmed@2x.png */,
				4C7A484916B115D50081CEF5 /* Alienated.png */,
				4C7A484A16B115D50081CEF5 /* Alienated@2x.png */,
				4C7A484B16B115D50081CEF5 /* Amazed.png */,
				4C7A484C16B115D50081CEF5 /* Amazed@2x.png */,
				4C7A484D16B115D50081CEF5 /* Ambivalent.png */,
				4C7A484E16B115D50081CEF5 /* Ambivalent@2x.png */,
				4C4C53F9166A85D700DDDBA2 /* Amused.png */,
				4C4C53FA166A85D700DDDBA2 /* Amused@2x.png */,
				4C4C53E31666ECA400DDDBA2 /* Angry.png */,
				4C4C53E41666ECA400DDDBA2 /* Angry@2x.png */,
				4C4C53FD166A895F00DDDBA2 /* Annoyed.png */,
				4C4C53FE166A895F00DDDBA2 /* Annoyed@2x.png */,
				4C8F362816BA0D7900AD101A /* Anticipating.png */,
				4C8F362916BA0D7900AD101A /* Anticipating@2x.png */,
				4C4C5401166A89BD00DDDBA2 /* Anxious.png */,
				4C4C5402166A89BD00DDDBA2 /* Anxious@2x.png */,
				4C4C5405166A8A2800DDDBA2 /* Apologetic.png */,
				4C4C5406166A8A2800DDDBA2 /* Apologetic@2x.png */,
				4C8F362616BA0D7900AD101A /* Apprehensive.png */,
				4C8F362716BA0D7900AD101A /* Apprehensive@2x.png */,
				4C8F362216BA0D7900AD101A /* Aroused.png */,
				4C8F362316BA0D7900AD101A /* Aroused@2x.png */,
				4C4C5409166A8AD400DDDBA2 /* Ashamed.png */,
				4C4C540A166A8AD400DDDBA2 /* Ashamed@2x.png */,
				4C8F362016BA0D7900AD101A /* Astonished.png */,
				4C8F362116BA0D7900AD101A /* Astonished@2x.png */,
				4C8F362416BA0D7900AD101A /* Attracted.png */,
				4C8F362516BA0D7900AD101A /* Attracted@2x.png */,
				4C8F361E16BA0D7900AD101A /* Attractive.png */,
				4C8F361F16BA0D7900AD101A /* Attractive@2x.png */,
				4C8F361C16BA0D7900AD101A /* Awed.png */,
				4C8F361D16BA0D7900AD101A /* Awed@2x.png */,
				4CECC212165D4D7400EE3C6B /* Blank.png */,
				4CECC213165D4D7400EE3C6B /* Blank@2x.png */,
				4C4C540D166A8B6D00DDDBA2 /* Blessed.png */,
				4C4C540E166A8B6E00DDDBA2 /* Blessed@2x.png */,
				4C4C5411166A8BEC00DDDBA2 /* Blissful.png */,
				4C4C5412166A8BEC00DDDBA2 /* Blissful@2x.png */,
				4C4C5415166A8F3700DDDBA2 /* Bored.png */,
				4C4C5416166A8F3800DDDBA2 /* Bored@2x.png */,
				4C4C541D166A904500DDDBA2 /* Bothered.png */,
				4C4C541E166A904500DDDBA2 /* Bothered@2x.png */,
				4C4C5419166A8FDC00DDDBA2 /* Broken.png */,
				4C4C541A166A8FDD00DDDBA2 /* Broken@2x.png */,
				4C8F361A16BA0D7900AD101A /* Caring.png */,
				4C8F361B16BA0D7900AD101A /* Caring@2x.png */,
				4C4C5421166A909800DDDBA2 /* Cautious.png */,
				4C4C5422166A909900DDDBA2 /* Cautious@2x.png */,
				4C8F361816BA0D7900AD101A /* Cheerful.png */,
				4C8F361916BA0D7900AD101A /* Cheerful@2x.png */,
				4C8F361616BA0D7900AD101A /* Compassionate.png */,
				4C8F361716BA0D7900AD101A /* Compassionate@2x.png */,
				4C4C5425166A915E00DDDBA2 /* Confident.png */,
				4C4C5426166A915E00DDDBA2 /* Confident@2x.png */,
				4C4C5429166A91A700DDDBA2 /* Content.png */,
				4C4C542A166A91A700DDDBA2 /* Content@2x.png */,
				4C4C542D166A920E00DDDBA2 /* Curious.png */,
				4C4C542E166A920E00DDDBA2 /* Curious@2x.png */,
				4C4C5431166A92E700DDDBA2 /* Embarrased.png */,
				4C4C5432166A92E800DDDBA2 /* Embarrased@2x.png */,
				4C4C53E51666ECA400DDDBA2 /* Glad.png */,
				4C4C53E61666ECA400DDDBA2 /* Glad@2x.png */,
				4C4C53F51669EDEB00DDDBA2 /* Happy.png */,
				4C4C53F61669EDEB00DDDBA2 /* Happy@2x.png */,
				4C4C53ED16694A5400DDDBA2 /* Sad.png */,
				4C4C53EE16694A5400DDDBA2 /* Sad@2x.png */,
				4C4C5435166A936900DDDBA2 /* Skeptical.png */,
				4C4C5436166A936900DDDBA2 /* Skeptical@2x.png */,
				4C4C5439166A93C700DDDBA2 /* Worried.png */,
				4C4C543A166A93C700DDDBA2 /* Worried@2x.png */,
			);
			name = Faces;
			path = Images/Faces;
			sourceTree = "<group>";
		};
		4C55CBD7162DE67400EAA878 = {
			isa = PBXGroup;
			children = (
				4C643D9C16B11C2900CA4F32 /* IconPlaceholder.png */,
				4C643D9A16B11C2100CA4F32 /* IconPlaceholder@2x.png */,
				4C55CBEE162DE67400EAA878 /* MoodLog */,
				4C55CC1C162DE67500EAA878 /* MoodLogTests */,
				4C55CBE5162DE67400EAA878 /* Frameworks */,
				4C55CBE3162DE67400EAA878 /* Products */,
			);
			sourceTree = "<group>";
		};
		4C55CBE3162DE67400EAA878 /* Products */ = {
			isa = PBXGroup;
			children = (
				4C55CBE2162DE67400EAA878 /* MoodLog.app */,
				4C55CC14162DE67500EAA878 /* MoodLogTests.octest */,
			);
			name = Products;
			sourceTree = "<group>";
		};
		4C55CBE5162DE67400EAA878 /* Frameworks */ = {
			isa = PBXGroup;
			children = (
				4C55CBE6162DE67400EAA878 /* UIKit.framework */,
				4C55CBE8162DE67400EAA878 /* Foundation.framework */,
				4C55CBEA162DE67400EAA878 /* CoreGraphics.framework */,
				4C55CBEC162DE67400EAA878 /* CoreData.framework */,
				4C55CC15162DE67500EAA878 /* SenTestingKit.framework */,
			);
			name = Frameworks;
			sourceTree = "<group>";
		};
		4C55CBEE162DE67400EAA878 /* MoodLog */ = {
			isa = PBXGroup;
			children = (
				4C3E0FB51657122100B0E060 /* Prefs.h */,
				4C3E0FB61657122100B0E060 /* Prefs.m */,
				4C55CBF7162DE67500EAA878 /* MlAppDelegate.h */,
				4C55CBF8162DE67500EAA878 /* MlAppDelegate.m */,
				4C7CA28C1630770800CC5CCA /* MlMoodDataItem.h */,
				4C7CA28D1630770800CC5CCA /* MlMoodDataItem.m */,
				4C55CC09162DE67500EAA878 /* MlMasterViewController.h */,
				4C55CC0A162DE67500EAA878 /* MlMasterViewController.m */,
				4C55CC0C162DE67500EAA878 /* MlDetailViewController.h */,
				4C55CC0D162DE67500EAA878 /* MlDetailViewController.m */,
				4C7C789C162E9192008DC828 /* MlCell.h */,
				4C7C789D162E9192008DC828 /* MlCell.m */,
				4C9730F716307B6B00E1D0B9 /* MlMoodCollectionViewController.h */,
				4C9730F816307B6C00E1D0B9 /* MlMoodCollectionViewController.m */,
				4C9730FE163081B900E1D0B9 /* MlCollectionViewCell.h */,
				4C9730FF163081B900E1D0B9 /* MlCollectionViewCell.m */,
				4C0C766A1649F95100DD372F /* MlDatePickerViewController.h */,
				4C0C766B1649F95100DD372F /* MlDatePickerViewController.m */,
				4CFB21EC164B8B0F0055CC3D /* MlChartViewController.h */,
				4CFB21ED164B8B0F0055CC3D /* MlChartViewController.m */,
				4C85B41816D72B3700D1625A /* MlChartCollectionViewController.h */,
				4C85B41916D72B3700D1625A /* MlChartCollectionViewController.m */,
				4C90E1D016D7E31100B001EE /* MlChartCollectionViewCell.h */,
				4C90E1D116D7E31100B001EE /* MlChartCollectionViewCell.m */,
				4C52861616D9A654007C878C /* MlChartDrawingView.h */,
				4C52861716D9A654007C878C /* MlChartDrawingView.m */,
				4C5D051016C1F1BC0028C421 /* MlFacesViewController.h */,
				4C5D051116C1F1BC0028C421 /* MlFacesViewController.m */,
				4CFB21EF164B8C870055CC3D /* MlMailViewController.h */,
				4CFB21F0164B8C870055CC3D /* MlMailViewController.m */,
				4CFB21F3164B8D370055CC3D /* MlCalendarViewController.m */,
				4CFB21F2164B8D370055CC3D /* MlCalendarViewController.h */,
				4C55CC00162DE67500EAA878 /* MainStoryboard_iPhone.storyboard */,
				4C55CC03162DE67500EAA878 /* MainStoryboard_iPad.storyboard */,
				4CDAAACE16BDEBC600A79F09 /* MoodLogEvents.h */,
				4CDAAACF16BDEBC600A79F09 /* MoodLogEvents.m */,
				4C55CC06162DE67500EAA878 /* MoodLog.xcdatamodeld */,
				4C50A08616DACA16003954E6 /* Emotions.h */,
				4C50A08716DACA16003954E6 /* Emotions.m */,
				4C589C65163200F100428C52 /* Stressors.h */,
				4C589C66163200F100428C52 /* Stressors.m */,
				4C55CBEF162DE67400EAA878 /* Supporting Files */,
			);
			path = MoodLog;
			sourceTree = "<group>";
		};
		4C55CBEF162DE67400EAA878 /* Supporting Files */ = {
			isa = PBXGroup;
			children = (
				4CFD9FA4166D85AB00805D6B /* add.png */,
				4C0C7671164AC84000DD372F /* Faces */,
				4C0C767A164AC84800DD372F /* shuffle_off.png */,
				4C0C7680164AD06E00DD372F /* junk.png */,
				4C0C767B164AC84800DD372F /* shuffle_on.png */,
				4C0C767E164ACEB800DD372F /* calendar.png */,
				4C0C7682164AD3BC00DD372F /* chart.png */,
				4C4C53DF1665F14900DDDBA2 /* MoodList.plist */,
				4C55EC7A16DC4C9E00F26984 /* paper.jpg */,
				4C55EC8216DC604B00F26984 /* paper@2x.jpg */,
				4C55EC7E16DC5CA900F26984 /* paper320x60.jpg */,
				4C55EC7F16DC5CA900F26984 /* paper320x60@2x.jpg */,
				4CF7696F16D85A90006ECD96 /* GrayLine.png */,
				4C1502F816D88AAA00B9E8BC /* GrayLineVertical.png */,
				4C97310D16308E5F00E1D0B9 /* BlackLine.png */,
				4CF7696D16D850B2006ECD96 /* BlackLineVertical.png */,
				4C7C788E162E8F2C008DC828 /* CalendarBlank.png */,
				4C1FE6A416DCA153009FFA8A /* CalendarBlank@2x.png */,
				4C1FE6A616DCA42A009FFA8A /* pie.jpg */,
				4C55CBF0162DE67400EAA878 /* MoodLog-Info.plist */,
				4C55CBF1162DE67400EAA878 /* InfoPlist.strings */,
				4C55CBF4162DE67500EAA878 /* main.m */,
				4C55CBF6162DE67500EAA878 /* MoodLog-Prefix.pch */,
				4C55CBFA162DE67500EAA878 /* Default.png */,
				4C55CBFC162DE67500EAA878 /* Default@2x.png */,
				4C55CBFE162DE67500EAA878 /* Default-568h@2x.png */,
			);
			name = "Supporting Files";
			sourceTree = "<group>";
		};
		4C55CC1C162DE67500EAA878 /* MoodLogTests */ = {
			isa = PBXGroup;
			children = (
				4C55CC22162DE67500EAA878 /* MoodLogTests.h */,
				4C55CC23162DE67500EAA878 /* MoodLogTests.m */,
				4C55CC1D162DE67500EAA878 /* Supporting Files */,
			);
			path = MoodLogTests;
			sourceTree = "<group>";
		};
		4C55CC1D162DE67500EAA878 /* Supporting Files */ = {
			isa = PBXGroup;
			children = (
				4C55CC1E162DE67500EAA878 /* MoodLogTests-Info.plist */,
				4C55CC1F162DE67500EAA878 /* InfoPlist.strings */,
			);
			name = "Supporting Files";
			sourceTree = "<group>";
		};
/* End PBXGroup section */

/* Begin PBXNativeTarget section */
		4C55CBE1162DE67400EAA878 /* MoodLog */ = {
			isa = PBXNativeTarget;
			buildConfigurationList = 4C55CC27162DE67500EAA878 /* Build configuration list for PBXNativeTarget "MoodLog" */;
			buildPhases = (
				4C55CBDE162DE67400EAA878 /* Sources */,
				4C55CBDF162DE67400EAA878 /* Frameworks */,
				4C55CBE0162DE67400EAA878 /* Resources */,
			);
			buildRules = (
			);
			dependencies = (
			);
			name = MoodLog;
			productName = MoodLog;
			productReference = 4C55CBE2162DE67400EAA878 /* MoodLog.app */;
			productType = "com.apple.product-type.application";
		};
		4C55CC13162DE67500EAA878 /* MoodLogTests */ = {
			isa = PBXNativeTarget;
			buildConfigurationList = 4C55CC2A162DE67500EAA878 /* Build configuration list for PBXNativeTarget "MoodLogTests" */;
			buildPhases = (
				4C55CC0F162DE67500EAA878 /* Sources */,
				4C55CC10162DE67500EAA878 /* Frameworks */,
				4C55CC11162DE67500EAA878 /* Resources */,
				4C55CC12162DE67500EAA878 /* ShellScript */,
			);
			buildRules = (
			);
			dependencies = (
				4C55CC1B162DE67500EAA878 /* PBXTargetDependency */,
			);
			name = MoodLogTests;
			productName = MoodLogTests;
			productReference = 4C55CC14162DE67500EAA878 /* MoodLogTests.octest */;
			productType = "com.apple.product-type.bundle";
		};
/* End PBXNativeTarget section */

/* Begin PBXProject section */
		4C55CBD9162DE67400EAA878 /* Project object */ = {
			isa = PBXProject;
			attributes = {
				CLASSPREFIX = Ml;
				LastUpgradeCheck = 0450;
				ORGANIZATIONNAME = "Barry A. Langdon-Lassagne";
			};
			buildConfigurationList = 4C55CBDC162DE67400EAA878 /* Build configuration list for PBXProject "MoodLog" */;
			compatibilityVersion = "Xcode 3.2";
			developmentRegion = English;
			hasScannedForEncodings = 0;
			knownRegions = (
				en,
			);
			mainGroup = 4C55CBD7162DE67400EAA878;
			productRefGroup = 4C55CBE3162DE67400EAA878 /* Products */;
			projectDirPath = "";
			projectRoot = "";
			targets = (
				4C55CBE1162DE67400EAA878 /* MoodLog */,
				4C55CC13162DE67500EAA878 /* MoodLogTests */,
			);
		};
/* End PBXProject section */

/* Begin PBXResourcesBuildPhase section */
		4C55CBE0162DE67400EAA878 /* Resources */ = {
			isa = PBXResourcesBuildPhase;
			buildActionMask = 2147483647;
			files = (
				4C55CBF3162DE67400EAA878 /* InfoPlist.strings in Resources */,
				4C55CBFB162DE67500EAA878 /* Default.png in Resources */,
				4C55CBFD162DE67500EAA878 /* Default@2x.png in Resources */,
				4C55CBFF162DE67500EAA878 /* Default-568h@2x.png in Resources */,
				4C55CC02162DE67500EAA878 /* MainStoryboard_iPhone.storyboard in Resources */,
				4C55CC05162DE67500EAA878 /* MainStoryboard_iPad.storyboard in Resources */,
				4C7C788F162E8F2C008DC828 /* CalendarBlank.png in Resources */,
				4C97310E16308E5F00E1D0B9 /* BlackLine.png in Resources */,
				4C0C767C164AC84800DD372F /* shuffle_off.png in Resources */,
				4C0C767D164AC84800DD372F /* shuffle_on.png in Resources */,
				4C0C767F164ACEB800DD372F /* calendar.png in Resources */,
				4C0C7681164AD06E00DD372F /* junk.png in Resources */,
				4C0C7683164AD3BC00DD372F /* chart.png in Resources */,
				4C4C53E01665F14900DDDBA2 /* MoodList.plist in Resources */,
				4C4C53F31669ECDB00DDDBA2 /* Adored.png in Resources */,
				4C4C53F41669ECDB00DDDBA2 /* Adored@2x.png in Resources */,
				4C4C543F166D46FB00DDDBA2 /* Adoring.png in Resources */,
				4C4C5440166D46FB00DDDBA2 /* Adoring@2x.png in Resources */,
				4C643D8E16B1195200CA4F32 /* Affectionate.png in Resources */,
				4C643D8F16B1195200CA4F32 /* Affectionate@2x.png in Resources */,
				4C4C53E71666ECA400DDDBA2 /* Afraid.png in Resources */,
				4C4C53E81666ECA400DDDBA2 /* Afraid@2x.png in Resources */,
				4C643D9016B1195200CA4F32 /* Aggravated.png in Resources */,
				4C643D9116B1195200CA4F32 /* Aggravated@2x.png in Resources */,
				4C7A486116B116180081CEF5 /* Alarmed.png in Resources */,
				4C643D9216B1195200CA4F32 /* Alarmed@2x.png in Resources */,
				4C643D9316B1195200CA4F32 /* Alienated.png in Resources */,
				4C643D9416B1195200CA4F32 /* Alienated@2x.png in Resources */,
				4C643D9516B1195200CA4F32 /* Amazed.png in Resources */,
				4C643D9616B1195200CA4F32 /* Amazed@2x.png in Resources */,
				4C643D9716B1195200CA4F32 /* Ambivalent.png in Resources */,
				4C643D9816B1195200CA4F32 /* Ambivalent@2x.png in Resources */,
				4C4C53FB166A85D700DDDBA2 /* Amused.png in Resources */,
				4C4C53FC166A85D700DDDBA2 /* Amused@2x.png in Resources */,
				4C4C53E91666ECA400DDDBA2 /* Angry.png in Resources */,
				4C4C53EA1666ECA400DDDBA2 /* Angry@2x.png in Resources */,
				4C4C53FF166A895F00DDDBA2 /* Annoyed.png in Resources */,
				4C4C5400166A895F00DDDBA2 /* Annoyed@2x.png in Resources */,
				4C8F363C16BA0D7900AD101A /* Anticipating.png in Resources */,
				4C8F363D16BA0D7900AD101A /* Anticipating@2x.png in Resources */,
				4C4C5403166A89BE00DDDBA2 /* Anxious.png in Resources */,
				4C4C5404166A89BE00DDDBA2 /* Anxious@2x.png in Resources */,
				4C4C5407166A8A2800DDDBA2 /* Apologetic.png in Resources */,
				4C4C5408166A8A2800DDDBA2 /* Apologetic@2x.png in Resources */,
				4C8F363A16BA0D7900AD101A /* Apprehensive.png in Resources */,
				4C8F363B16BA0D7900AD101A /* Apprehensive@2x.png in Resources */,
				4C8F363616BA0D7900AD101A /* Aroused.png in Resources */,
				4C8F363716BA0D7900AD101A /* Aroused@2x.png in Resources */,
				4C4C540B166A8AD400DDDBA2 /* Ashamed.png in Resources */,
				4C4C540C166A8AD400DDDBA2 /* Ashamed@2x.png in Resources */,
				4C8F363416BA0D7900AD101A /* Astonished.png in Resources */,
				4C8F363516BA0D7900AD101A /* Astonished@2x.png in Resources */,
				4C8F363816BA0D7900AD101A /* Attracted.png in Resources */,
				4C8F363916BA0D7900AD101A /* Attracted@2x.png in Resources */,
				4C8F363216BA0D7900AD101A /* Attractive.png in Resources */,
				4C8F363316BA0D7900AD101A /* Attractive@2x.png in Resources */,
				4C8F363016BA0D7900AD101A /* Awed.png in Resources */,
				4C8F363116BA0D7900AD101A /* Awed@2x.png in Resources */,
				4CECC214165D4D7400EE3C6B /* Blank.png in Resources */,
				4CECC215165D4D7400EE3C6B /* Blank@2x.png in Resources */,
				4C4C540F166A8B6E00DDDBA2 /* Blessed.png in Resources */,
				4C4C5410166A8B6E00DDDBA2 /* Blessed@2x.png in Resources */,
				4C4C5413166A8BED00DDDBA2 /* Blissful.png in Resources */,
				4C4C5414166A8BED00DDDBA2 /* Blissful@2x.png in Resources */,
				4C4C5417166A8F3800DDDBA2 /* Bored.png in Resources */,
				4C4C5418166A8F3800DDDBA2 /* Bored@2x.png in Resources */,
				4C4C541F166A904500DDDBA2 /* Bothered.png in Resources */,
				4C4C5420166A904500DDDBA2 /* Bothered@2x.png in Resources */,
				4C4C541B166A8FDD00DDDBA2 /* Broken.png in Resources */,
				4C4C541C166A8FDD00DDDBA2 /* Broken@2x.png in Resources */,
				4C8F362E16BA0D7900AD101A /* Caring.png in Resources */,
				4C8F362F16BA0D7900AD101A /* Caring@2x.png in Resources */,
				4C4C5423166A909900DDDBA2 /* Cautious.png in Resources */,
				4C4C5424166A909900DDDBA2 /* Cautious@2x.png in Resources */,
				4C8F362C16BA0D7900AD101A /* Cheerful.png in Resources */,
				4C8F362D16BA0D7900AD101A /* Cheerful@2x.png in Resources */,
				4C8F362A16BA0D7900AD101A /* Compassionate.png in Resources */,
				4C8F362B16BA0D7900AD101A /* Compassionate@2x.png in Resources */,
				4C4C5427166A915F00DDDBA2 /* Confident.png in Resources */,
				4C4C5428166A915F00DDDBA2 /* Confident@2x.png in Resources */,
				4C4C542B166A91A700DDDBA2 /* Content.png in Resources */,
				4C4C542C166A91A700DDDBA2 /* Content@2x.png in Resources */,
				4C4C542F166A920F00DDDBA2 /* Curious.png in Resources */,
				4C4C5430166A920F00DDDBA2 /* Curious@2x.png in Resources */,
				4CEFD85616EFD014000BA559 /* Dejected.png in Resources */,
				4CEFD85516EFD014000BA559 /* Dejected@2x.png in Resources */,
				4CEFD85316EFD014000BA559 /* Delighted.png in Resources */,
				4CEFD85416EFD014000BA559 /* Delighted@2x.png in Resources */,
				4CEFD85116EFD014000BA559 /* Depressed.png in Resources */,
				4CEFD85216EFD014000BA559 /* Depressed@2x.png in Resources */,
				4CEFD84D16EFD014000BA559 /* Desirable.png in Resources */,
				4CEFD84E16EFD014000BA559 /* Desirable@2x.png in Resources */,
				4CEFD84B16EFD014000BA559 /* Desiring.png in Resources */,
				4CEFD84C16EFD014000BA559 /* Desiring@2x.png in Resources */,
				4CEFD84916EFD014000BA559 /* Despairing.png in Resources */,
				4CEFD84A16EFD014000BA559 /* Despairing@2x.png in Resources */,
				4CEFD84716EFD014000BA559 /* Disappointed.png in Resources */,
				4CEFD84816EFD014000BA559 /* Disappointed@2x.png in Resources */,
				4CEFD84516EFD014000BA559 /* Disgusted.png in Resources */,
				4CEFD84616EFD014000BA559 /* Disgusted@2x.png in Resources */,
				4C4C5433166A92E800DDDBA2 /* Embarrased.png in Resources */,
				4C4C5434166A92E800DDDBA2 /* Embarrased@2x.png in Resources */,
				4C4C53EB1666ECA400DDDBA2 /* Glad.png in Resources */,
				4C4C53EC1666ECA400DDDBA2 /* Glad@2x.png in Resources */,
				4CEFD84316EFD014000BA559 /* Grumpy.png in Resources */,
				4CEFD84416EFD014000BA559 /* Grumpy@2x.png in Resources */,
				4C4C53F71669EDEB00DDDBA2 /* Happy.png in Resources */,
				4CEFD84F16EFD014000BA559 /* Skeptical.png in Resources */,
				4CEFD85016EFD014000BA559 /* Skeptical@2x.png in Resources */,
				4C4C53F81669EDEB00DDDBA2 /* Happy@2x.png in Resources */,
				4C4C53EF16694A5400DDDBA2 /* Sad.png in Resources */,
				4C4C53F016694A5400DDDBA2 /* Sad@2x.png in Resources */,
				4C4C543B166A93C800DDDBA2 /* Worried.png in Resources */,
				4C4C543C166A93C800DDDBA2 /* Worried@2x.png in Resources */,
				4CFD9FA5166D85AB00805D6B /* add.png in Resources */,
				4C643D9B16B11C2100CA4F32 /* IconPlaceholder@2x.png in Resources */,
				4C643D9D16B11C2900CA4F32 /* IconPlaceholder.png in Resources */,
				4CF7696E16D850B2006ECD96 /* BlackLineVertical.png in Resources */,
				4CF7697016D85A90006ECD96 /* GrayLine.png in Resources */,
				4C1502F916D88AAA00B9E8BC /* GrayLineVertical.png in Resources */,
				4C55EC7B16DC4C9E00F26984 /* paper.jpg in Resources */,
				4C55EC8016DC5CA900F26984 /* paper320x60.jpg in Resources */,
				4C55EC8116DC5CA900F26984 /* paper320x60@2x.jpg in Resources */,
				4C55EC8316DC604B00F26984 /* paper@2x.jpg in Resources */,
				4C1FE6A516DCA153009FFA8A /* CalendarBlank@2x.png in Resources */,
				4C1FE6A716DCA42A009FFA8A /* pie.jpg in Resources */,
				4CEFD84F16EFD014000BA559 /* Skeptical.png in Resources */,
				4CEFD85016EFD014000BA559 /* Skeptical@2x.png in Resources */,
			);
			runOnlyForDeploymentPostprocessing = 0;
		};
		4C55CC11162DE67500EAA878 /* Resources */ = {
			isa = PBXResourcesBuildPhase;
			buildActionMask = 2147483647;
			files = (
				4C55CC21162DE67500EAA878 /* InfoPlist.strings in Resources */,
				4C7A485116B115D50081CEF5 /* Affectionate.png in Resources */,
				4C7A485216B115D50081CEF5 /* Affectionate@2x.png in Resources */,
				4C7A485316B115D50081CEF5 /* Aggravated.png in Resources */,
				4C7A485416B115D50081CEF5 /* Aggravated@2x.png in Resources */,
				4C7A485616B115D50081CEF5 /* Alarmed@2x.png in Resources */,
				4C7A485716B115D50081CEF5 /* Alienated.png in Resources */,
				4C7A485816B115D50081CEF5 /* Alienated@2x.png in Resources */,
				4C7A485916B115D50081CEF5 /* Amazed.png in Resources */,
				4C7A485A16B115D50081CEF5 /* Amazed@2x.png in Resources */,
				4C7A485B16B115D50081CEF5 /* Ambivalent.png in Resources */,
				4C7A485C16B115D50081CEF5 /* Ambivalent@2x.png in Resources */,
			);
			runOnlyForDeploymentPostprocessing = 0;
		};
/* End PBXResourcesBuildPhase section */

/* Begin PBXShellScriptBuildPhase section */
		4C55CC12162DE67500EAA878 /* ShellScript */ = {
			isa = PBXShellScriptBuildPhase;
			buildActionMask = 2147483647;
			files = (
			);
			inputPaths = (
			);
			outputPaths = (
			);
			runOnlyForDeploymentPostprocessing = 0;
			shellPath = /bin/sh;
			shellScript = "# Run the unit tests in this test bundle.\n\"${SYSTEM_DEVELOPER_DIR}/Tools/RunUnitTests\"\n";
		};
/* End PBXShellScriptBuildPhase section */

/* Begin PBXSourcesBuildPhase section */
		4C55CBDE162DE67400EAA878 /* Sources */ = {
			isa = PBXSourcesBuildPhase;
			buildActionMask = 2147483647;
			files = (
				4C55CBF5162DE67500EAA878 /* main.m in Sources */,
				4C55CBF9162DE67500EAA878 /* MlAppDelegate.m in Sources */,
				4C55CC08162DE67500EAA878 /* MoodLog.xcdatamodeld in Sources */,
				4C55CC0B162DE67500EAA878 /* MlMasterViewController.m in Sources */,
				4C55CC0E162DE67500EAA878 /* MlDetailViewController.m in Sources */,
				4C7C789E162E9192008DC828 /* MlCell.m in Sources */,
				4C7CA28E1630770800CC5CCA /* MlMoodDataItem.m in Sources */,
				4C9730F916307B6C00E1D0B9 /* MlMoodCollectionViewController.m in Sources */,
				4C973100163081B900E1D0B9 /* MlCollectionViewCell.m in Sources */,
				4C589C67163200F100428C52 /* Stressors.m in Sources */,
				4C0C766C1649F95100DD372F /* MlDatePickerViewController.m in Sources */,
				4CFB21EE164B8B0F0055CC3D /* MlChartViewController.m in Sources */,
				4CFB21F1164B8C870055CC3D /* MlMailViewController.m in Sources */,
				4CFB21F4164B8D370055CC3D /* MlCalendarViewController.m in Sources */,
				4C3E0FB71657122100B0E060 /* Prefs.m in Sources */,
				4CDAAAD016BDEBC600A79F09 /* MoodLogEvents.m in Sources */,
				4C5D051216C1F1BD0028C421 /* MlFacesViewController.m in Sources */,
				4C85B41A16D72B3700D1625A /* MlChartCollectionViewController.m in Sources */,
				4C90E1D216D7E31100B001EE /* MlChartCollectionViewCell.m in Sources */,
				4C52861816D9A654007C878C /* MlChartDrawingView.m in Sources */,
				4C50A08816DACA16003954E6 /* Emotions.m in Sources */,
			);
			runOnlyForDeploymentPostprocessing = 0;
		};
		4C55CC0F162DE67500EAA878 /* Sources */ = {
			isa = PBXSourcesBuildPhase;
			buildActionMask = 2147483647;
			files = (
				4C55CC24162DE67500EAA878 /* MoodLogTests.m in Sources */,
			);
			runOnlyForDeploymentPostprocessing = 0;
		};
/* End PBXSourcesBuildPhase section */

/* Begin PBXTargetDependency section */
		4C55CC1B162DE67500EAA878 /* PBXTargetDependency */ = {
			isa = PBXTargetDependency;
			target = 4C55CBE1162DE67400EAA878 /* MoodLog */;
			targetProxy = 4C55CC1A162DE67500EAA878 /* PBXContainerItemProxy */;
		};
/* End PBXTargetDependency section */

/* Begin PBXVariantGroup section */
		4C55CBF1162DE67400EAA878 /* InfoPlist.strings */ = {
			isa = PBXVariantGroup;
			children = (
				4C55CBF2162DE67400EAA878 /* en */,
			);
			name = InfoPlist.strings;
			sourceTree = "<group>";
		};
		4C55CC00162DE67500EAA878 /* MainStoryboard_iPhone.storyboard */ = {
			isa = PBXVariantGroup;
			children = (
				4C55CC01162DE67500EAA878 /* en */,
			);
			name = MainStoryboard_iPhone.storyboard;
			sourceTree = "<group>";
		};
		4C55CC03162DE67500EAA878 /* MainStoryboard_iPad.storyboard */ = {
			isa = PBXVariantGroup;
			children = (
				4C55CC04162DE67500EAA878 /* en */,
			);
			name = MainStoryboard_iPad.storyboard;
			sourceTree = "<group>";
		};
		4C55CC1F162DE67500EAA878 /* InfoPlist.strings */ = {
			isa = PBXVariantGroup;
			children = (
				4C55CC20162DE67500EAA878 /* en */,
			);
			name = InfoPlist.strings;
			sourceTree = "<group>";
		};
/* End PBXVariantGroup section */

/* Begin XCBuildConfiguration section */
		4C55CC25162DE67500EAA878 /* Debug */ = {
			isa = XCBuildConfiguration;
			buildSettings = {
				ALWAYS_SEARCH_USER_PATHS = NO;
				CLANG_CXX_LANGUAGE_STANDARD = "gnu++0x";
				CLANG_CXX_LIBRARY = "libc++";
				CLANG_ENABLE_OBJC_ARC = YES;
				CLANG_WARN_EMPTY_BODY = YES;
				CLANG_WARN__DUPLICATE_METHOD_MATCH = YES;
				"CODE_SIGN_IDENTITY[sdk=iphoneos*]" = "iPhone Developer";
				COPY_PHASE_STRIP = NO;
				GCC_C_LANGUAGE_STANDARD = gnu99;
				GCC_DYNAMIC_NO_PIC = NO;
				GCC_OPTIMIZATION_LEVEL = 0;
				GCC_PREPROCESSOR_DEFINITIONS = (
					"DEBUG=1",
					"$(inherited)",
				);
				GCC_SYMBOLS_PRIVATE_EXTERN = NO;
				GCC_WARN_ABOUT_RETURN_TYPE = YES;
				GCC_WARN_UNINITIALIZED_AUTOS = YES;
				GCC_WARN_UNUSED_VARIABLE = YES;
				IPHONEOS_DEPLOYMENT_TARGET = 6.0;
				ONLY_ACTIVE_ARCH = YES;
				SDKROOT = iphoneos;
				TARGETED_DEVICE_FAMILY = "1,2";
			};
			name = Debug;
		};
		4C55CC26162DE67500EAA878 /* Release */ = {
			isa = XCBuildConfiguration;
			buildSettings = {
				ALWAYS_SEARCH_USER_PATHS = NO;
				CLANG_CXX_LANGUAGE_STANDARD = "gnu++0x";
				CLANG_CXX_LIBRARY = "libc++";
				CLANG_ENABLE_OBJC_ARC = YES;
				CLANG_WARN_EMPTY_BODY = YES;
				CLANG_WARN__DUPLICATE_METHOD_MATCH = YES;
				"CODE_SIGN_IDENTITY[sdk=iphoneos*]" = "iPhone Developer";
				COPY_PHASE_STRIP = YES;
				GCC_C_LANGUAGE_STANDARD = gnu99;
				GCC_WARN_ABOUT_RETURN_TYPE = YES;
				GCC_WARN_UNINITIALIZED_AUTOS = YES;
				GCC_WARN_UNUSED_VARIABLE = YES;
				IPHONEOS_DEPLOYMENT_TARGET = 6.0;
				OTHER_CFLAGS = "-DNS_BLOCK_ASSERTIONS=1";
				SDKROOT = iphoneos;
				TARGETED_DEVICE_FAMILY = "1,2";
				VALIDATE_PRODUCT = YES;
			};
			name = Release;
		};
		4C55CC28162DE67500EAA878 /* Debug */ = {
			isa = XCBuildConfiguration;
			buildSettings = {
				GCC_PRECOMPILE_PREFIX_HEADER = YES;
				GCC_PREFIX_HEADER = "MoodLog/MoodLog-Prefix.pch";
				INFOPLIST_FILE = "MoodLog/MoodLog-Info.plist";
				IPHONEOS_DEPLOYMENT_TARGET = 5.0;
				PRODUCT_NAME = "$(TARGET_NAME)";
				WRAPPER_EXTENSION = app;
			};
			name = Debug;
		};
		4C55CC29162DE67500EAA878 /* Release */ = {
			isa = XCBuildConfiguration;
			buildSettings = {
				GCC_PRECOMPILE_PREFIX_HEADER = YES;
				GCC_PREFIX_HEADER = "MoodLog/MoodLog-Prefix.pch";
				INFOPLIST_FILE = "MoodLog/MoodLog-Info.plist";
				IPHONEOS_DEPLOYMENT_TARGET = 5.0;
				PRODUCT_NAME = "$(TARGET_NAME)";
				WRAPPER_EXTENSION = app;
			};
			name = Release;
		};
		4C55CC2B162DE67500EAA878 /* Debug */ = {
			isa = XCBuildConfiguration;
			buildSettings = {
				BUNDLE_LOADER = "$(BUILT_PRODUCTS_DIR)/MoodLog.app/MoodLog";
				FRAMEWORK_SEARCH_PATHS = (
					"\"$(SDKROOT)/Developer/Library/Frameworks\"",
					"\"$(DEVELOPER_LIBRARY_DIR)/Frameworks\"",
				);
				GCC_PRECOMPILE_PREFIX_HEADER = YES;
				GCC_PREFIX_HEADER = "MoodLog/MoodLog-Prefix.pch";
				INFOPLIST_FILE = "MoodLogTests/MoodLogTests-Info.plist";
				PRODUCT_NAME = "$(TARGET_NAME)";
				TEST_HOST = "$(BUNDLE_LOADER)";
				WRAPPER_EXTENSION = octest;
			};
			name = Debug;
		};
		4C55CC2C162DE67500EAA878 /* Release */ = {
			isa = XCBuildConfiguration;
			buildSettings = {
				BUNDLE_LOADER = "$(BUILT_PRODUCTS_DIR)/MoodLog.app/MoodLog";
				FRAMEWORK_SEARCH_PATHS = (
					"\"$(SDKROOT)/Developer/Library/Frameworks\"",
					"\"$(DEVELOPER_LIBRARY_DIR)/Frameworks\"",
				);
				GCC_PRECOMPILE_PREFIX_HEADER = YES;
				GCC_PREFIX_HEADER = "MoodLog/MoodLog-Prefix.pch";
				INFOPLIST_FILE = "MoodLogTests/MoodLogTests-Info.plist";
				PRODUCT_NAME = "$(TARGET_NAME)";
				TEST_HOST = "$(BUNDLE_LOADER)";
				WRAPPER_EXTENSION = octest;
			};
			name = Release;
		};
/* End XCBuildConfiguration section */

/* Begin XCConfigurationList section */
		4C55CBDC162DE67400EAA878 /* Build configuration list for PBXProject "MoodLog" */ = {
			isa = XCConfigurationList;
			buildConfigurations = (
				4C55CC25162DE67500EAA878 /* Debug */,
				4C55CC26162DE67500EAA878 /* Release */,
			);
			defaultConfigurationIsVisible = 0;
			defaultConfigurationName = Release;
		};
		4C55CC27162DE67500EAA878 /* Build configuration list for PBXNativeTarget "MoodLog" */ = {
			isa = XCConfigurationList;
			buildConfigurations = (
				4C55CC28162DE67500EAA878 /* Debug */,
				4C55CC29162DE67500EAA878 /* Release */,
			);
			defaultConfigurationIsVisible = 0;
			defaultConfigurationName = Release;
		};
		4C55CC2A162DE67500EAA878 /* Build configuration list for PBXNativeTarget "MoodLogTests" */ = {
			isa = XCConfigurationList;
			buildConfigurations = (
				4C55CC2B162DE67500EAA878 /* Debug */,
				4C55CC2C162DE67500EAA878 /* Release */,
			);
			defaultConfigurationIsVisible = 0;
			defaultConfigurationName = Release;
		};
/* End XCConfigurationList section */

/* Begin XCVersionGroup section */
		4C55CC06162DE67500EAA878 /* MoodLog.xcdatamodeld */ = {
			isa = XCVersionGroup;
			children = (
				4CECC217165D50E800EE3C6B /* MoodLog 2.xcdatamodel */,
				4C4C53D4166569A400DDDBA2 /* MoodLog 3.xcdatamodel */,
				4CDAAACA16BDEB2900A79F09 /* MoodLog 4.xcdatamodel */,
				4C50A08516DAC9D1003954E6 /* MoodLog 5.xcdatamodel */,
				4C55CC07162DE67500EAA878 /* MoodLog.xcdatamodel */,
			);
			currentVersion = 4C50A08516DAC9D1003954E6 /* MoodLog 5.xcdatamodel */;
			path = MoodLog.xcdatamodeld;
			sourceTree = "<group>";
			versionGroupType = wrapper.xcdatamodel;
		};
/* End XCVersionGroup section */
	};
	rootObject = 4C55CBD9162DE67400EAA878 /* Project object */;
}
